
Microsoft Visual Studio Solution File, Format Version 12.00
# Visual Studio Version 16
VisualStudioVersion = 16.0.30517.126
MinimumVisualStudioVersion = 15.0.26124.0
Project("{9A19103F-16F7-4668-BE54-9A1E7A4F7556}") = "Silk.NET.BuildTools", "src\Core\Silk.NET.BuildTools\Silk.NET.BuildTools.csproj", "{FD24E9FF-1097-4777-A418-F2D88C558665}"
EndProject
Project("{2150E333-8FDC-42A3-9474-1A3956D46DE8}") = "Windowing", "Windowing", "{23324041-2076-477C-A4BF-B385B8066C6C}"
EndProject
Project("{9A19103F-16F7-4668-BE54-9A1E7A4F7556}") = "Silk.NET.Core", "src\Core\Silk.NET.Core\Silk.NET.Core.csproj", "{136C6154-D300-4B82-80D3-17B637841A2B}"
EndProject
Project("{9A19103F-16F7-4668-BE54-9A1E7A4F7556}") = "BlankWindow", "src\Lab\BlankWindow\BlankWindow.csproj", "{E8C4587E-9424-438B-AEAF-A09E0234865A}"
EndProject
Project("{9A19103F-16F7-4668-BE54-9A1E7A4F7556}") = "Silk.NET.Windowing.Common", "src\Windowing\Silk.NET.Windowing.Common\Silk.NET.Windowing.Common.csproj", "{956F722C-DFD3-435E-9D2E-A0549C4D8BC0}"
EndProject
Project("{2150E333-8FDC-42A3-9474-1A3956D46DE8}") = "Examples", "Examples", "{E1F91563-7277-4E9B-A3B7-8D5FD9802A4A}"
	ProjectSection(SolutionItems) = preProject
		examples\Directory.Build.props = examples\Directory.Build.props
	EndProjectSection
EndProject
Project("{2150E333-8FDC-42A3-9474-1A3956D46DE8}") = "Build Properties", "Build Properties", "{21F1A5E2-9861-49A6-934D-DF5AAA03AFFE}"
	ProjectSection(SolutionItems) = preProject
		build\props\bindings.props = build\props\bindings.props
		build\props\common.props = build\props\common.props
		build\props\common.targets = build\props\common.targets
		build\csharp_typemap.json = build\csharp_typemap.json
		build\dx_typemap.json = build\dx_typemap.json
		generator.json = generator.json
		build\gl_typemap.json = build\gl_typemap.json
	EndProjectSection
EndProject
Project("{9A19103F-16F7-4668-BE54-9A1E7A4F7556}") = "Silk.NET.Input.Common", "src\Input\Silk.NET.Input.Common\Silk.NET.Input.Common.csproj", "{8FFF49D6-B029-400B-8510-1A088868DFA6}"
EndProject
Project("{2150E333-8FDC-42A3-9474-1A3956D46DE8}") = "Input", "Input", "{FA9D1C95-5585-4DEC-B226-1447A486C376}"
EndProject
Project("{2150E333-8FDC-42A3-9474-1A3956D46DE8}") = "Core", "Core", "{0651C5EF-50AA-4598-8D9C-8F210ADD8490}"
EndProject
Project("{9A19103F-16F7-4668-BE54-9A1E7A4F7556}") = "Silk.NET.Input", "src\Input\Silk.NET.Input\Silk.NET.Input.csproj", "{020A8E88-B607-4281-BA0D-5ED03484A201}"
EndProject
Project("{9A19103F-16F7-4668-BE54-9A1E7A4F7556}") = "InputTest", "src\Lab\InputTest\InputTest.csproj", "{3E744E54-F450-4051-8919-04D9B591688E}"
EndProject
Project("{9A19103F-16F7-4668-BE54-9A1E7A4F7556}") = "Silk.NET", "src\Core\Silk.NET\Silk.NET.csproj", "{7BB1DE56-DA1C-4776-A961-B810574E1EF4}"
EndProject
Project("{9A19103F-16F7-4668-BE54-9A1E7A4F7556}") = "SampleBase", "src\Lab\SampleBase\SampleBase.csproj", "{D702E338-BCB7-432C-8896-6B6086821B3E}"
EndProject
Project("{2150E333-8FDC-42A3-9474-1A3956D46DE8}") = "Vulkan", "Vulkan", "{E2ABDF45-C329-47B2-8E09-B7298E2557F7}"
EndProject
Project("{9A19103F-16F7-4668-BE54-9A1E7A4F7556}") = "Silk.NET.Vulkan", "src\Vulkan\Silk.NET.Vulkan\Silk.NET.Vulkan.csproj", "{7F347EDA-EC20-4E3F-9C25-CF32ED7D9642}"
EndProject
Project("{9A19103F-16F7-4668-BE54-9A1E7A4F7556}") = "VulkanTriangle", "src\Lab\VulkanTriangle\VulkanTriangle.csproj", "{AC1B288B-2F07-49EB-8518-9DA27C6D6503}"
EndProject
Project("{2150E333-8FDC-42A3-9474-1A3956D46DE8}") = "Extensions", "Extensions", "{49BC383A-D7E6-4013-93C7-371479B984CC}"
EndProject
Project("{9A19103F-16F7-4668-BE54-9A1E7A4F7556}") = "Silk.NET.Vulkan.Extensions.NVX", "src\Vulkan\Extensions\Silk.NET.Vulkan.Extensions.NVX\Silk.NET.Vulkan.Extensions.NVX.csproj", "{043852EA-FBD4-4F42-9CDC-92078F9EF942}"
EndProject
Project("{9A19103F-16F7-4668-BE54-9A1E7A4F7556}") = "Silk.NET.Vulkan.Extensions.NV", "src\Vulkan\Extensions\Silk.NET.Vulkan.Extensions.NV\Silk.NET.Vulkan.Extensions.NV.csproj", "{D860135C-01A2-4597-B1B2-DA4882C09798}"
EndProject
Project("{9A19103F-16F7-4668-BE54-9A1E7A4F7556}") = "Silk.NET.Vulkan.Extensions.NN", "src\Vulkan\Extensions\Silk.NET.Vulkan.Extensions.NN\Silk.NET.Vulkan.Extensions.NN.csproj", "{A82D0553-7880-462E-B8B2-1DF334DF6FBA}"
EndProject
Project("{9A19103F-16F7-4668-BE54-9A1E7A4F7556}") = "Silk.NET.Vulkan.Extensions.MVK", "src\Vulkan\Extensions\Silk.NET.Vulkan.Extensions.MVK\Silk.NET.Vulkan.Extensions.MVK.csproj", "{96F4E9BD-2B70-4E2E-BB4D-91158F60A613}"
EndProject
Project("{9A19103F-16F7-4668-BE54-9A1E7A4F7556}") = "Silk.NET.Vulkan.Extensions.KHR", "src\Vulkan\Extensions\Silk.NET.Vulkan.Extensions.KHR\Silk.NET.Vulkan.Extensions.KHR.csproj", "{C052CB0F-8A58-40C0-8A26-BEACEB8CD9A7}"
EndProject
Project("{9A19103F-16F7-4668-BE54-9A1E7A4F7556}") = "Silk.NET.Vulkan.Extensions.INTEL", "src\Vulkan\Extensions\Silk.NET.Vulkan.Extensions.INTEL\Silk.NET.Vulkan.Extensions.INTEL.csproj", "{D4514077-0917-49CC-A222-FE2988D6BECE}"
EndProject
Project("{9A19103F-16F7-4668-BE54-9A1E7A4F7556}") = "Silk.NET.Vulkan.Extensions.GOOGLE", "src\Vulkan\Extensions\Silk.NET.Vulkan.Extensions.GOOGLE\Silk.NET.Vulkan.Extensions.GOOGLE.csproj", "{70379A09-9EDB-41F7-81CF-34ABE525693D}"
EndProject
Project("{9A19103F-16F7-4668-BE54-9A1E7A4F7556}") = "Silk.NET.Vulkan.Extensions.GGP", "src\Vulkan\Extensions\Silk.NET.Vulkan.Extensions.GGP\Silk.NET.Vulkan.Extensions.GGP.csproj", "{8180C066-71E5-4D45-8DFE-EF254FE86A30}"
EndProject
Project("{9A19103F-16F7-4668-BE54-9A1E7A4F7556}") = "Silk.NET.Vulkan.Extensions.FUCHSIA", "src\Vulkan\Extensions\Silk.NET.Vulkan.Extensions.FUCHSIA\Silk.NET.Vulkan.Extensions.FUCHSIA.csproj", "{085677FA-4B70-430F-8675-77091EBD9ED5}"
EndProject
Project("{9A19103F-16F7-4668-BE54-9A1E7A4F7556}") = "Silk.NET.Vulkan.Extensions.EXT", "src\Vulkan\Extensions\Silk.NET.Vulkan.Extensions.EXT\Silk.NET.Vulkan.Extensions.EXT.csproj", "{899DB28C-722D-46A1-9A17-378DF19FA526}"
EndProject
Project("{9A19103F-16F7-4668-BE54-9A1E7A4F7556}") = "Silk.NET.Vulkan.Extensions.AMD", "src\Vulkan\Extensions\Silk.NET.Vulkan.Extensions.AMD\Silk.NET.Vulkan.Extensions.AMD.csproj", "{3D945DE0-1E2D-439E-991D-9C65C325F82F}"
EndProject
Project("{2150E333-8FDC-42A3-9474-1A3956D46DE8}") = "Lab", "Lab", "{DFA0E841-33E5-4533-AF00-964E21A141B8}"
EndProject
Project("{2150E333-8FDC-42A3-9474-1A3956D46DE8}") = "Extensions", "Extensions", "{3501BAD6-406A-49BC-BE0E-5A49A3AAAE6A}"
EndProject
Project("{9A19103F-16F7-4668-BE54-9A1E7A4F7556}") = "Silk.NET.Windowing.Extensions", "src\Windowing\Extensions\Silk.NET.Windowing.Extensions\Silk.NET.Windowing.Extensions.csproj", "{50D5EAD9-78BB-4D1B-AF37-130BF3AF82FD}"
EndProject
Project("{9A19103F-16F7-4668-BE54-9A1E7A4F7556}") = "MonitorPlayground", "src\Lab\MonitorPlayground\MonitorPlayground.csproj", "{36C1A2C8-2004-4CD8-BEB8-426BBABA2051}"
EndProject
Project("{2150E333-8FDC-42A3-9474-1A3956D46DE8}") = "OpenCL", "OpenCL", "{D00DC827-E7DF-48A9-9BEB-E1ED2F73C990}"
EndProject
Project("{9A19103F-16F7-4668-BE54-9A1E7A4F7556}") = "Silk.NET.OpenCL", "src\OpenCL\Silk.NET.OpenCL\Silk.NET.OpenCL.csproj", "{93041A0D-9BA2-4BAB-B01E-3003AEAC0A31}"
EndProject
Project("{2150E333-8FDC-42A3-9474-1A3956D46DE8}") = "Extensions", "Extensions", "{757F2B10-B69D-4C19-BFE0-D99070A00AD9}"
EndProject
Project("{9A19103F-16F7-4668-BE54-9A1E7A4F7556}") = "Silk.NET.OpenCL.Extensions.AMD", "src\OpenCL\Extensions\Silk.NET.OpenCL.Extensions.AMD\Silk.NET.OpenCL.Extensions.AMD.csproj", "{13AAF660-1E37-4C63-B2B7-49140B9F5049}"
EndProject
Project("{9A19103F-16F7-4668-BE54-9A1E7A4F7556}") = "Silk.NET.OpenCL.Extensions.APPLE", "src\OpenCL\Extensions\Silk.NET.OpenCL.Extensions.APPLE\Silk.NET.OpenCL.Extensions.APPLE.csproj", "{734DF4E8-9F89-4D0B-AB0B-022FED9849EA}"
EndProject
Project("{9A19103F-16F7-4668-BE54-9A1E7A4F7556}") = "Silk.NET.OpenCL.Extensions.ARM", "src\OpenCL\Extensions\Silk.NET.OpenCL.Extensions.ARM\Silk.NET.OpenCL.Extensions.ARM.csproj", "{184BB500-CFDB-4AA6-AF33-9CD22AFFB224}"
EndProject
Project("{9A19103F-16F7-4668-BE54-9A1E7A4F7556}") = "Silk.NET.OpenCL.Extensions.EXT", "src\OpenCL\Extensions\Silk.NET.OpenCL.Extensions.EXT\Silk.NET.OpenCL.Extensions.EXT.csproj", "{4965C44F-DAE6-4EDA-991F-4390595A20BA}"
EndProject
Project("{9A19103F-16F7-4668-BE54-9A1E7A4F7556}") = "Silk.NET.OpenCL.Extensions.IMG", "src\OpenCL\Extensions\Silk.NET.OpenCL.Extensions.IMG\Silk.NET.OpenCL.Extensions.IMG.csproj", "{74140997-E9C8-4CCC-9235-C6E2DABAF8D3}"
EndProject
Project("{9A19103F-16F7-4668-BE54-9A1E7A4F7556}") = "Silk.NET.OpenCL.Extensions.INTEL", "src\OpenCL\Extensions\Silk.NET.OpenCL.Extensions.INTEL\Silk.NET.OpenCL.Extensions.INTEL.csproj", "{4B50A1B4-AB5E-469B-A8AC-635E023EC77C}"
EndProject
Project("{9A19103F-16F7-4668-BE54-9A1E7A4F7556}") = "Silk.NET.OpenCL.Extensions.KHR", "src\OpenCL\Extensions\Silk.NET.OpenCL.Extensions.KHR\Silk.NET.OpenCL.Extensions.KHR.csproj", "{BEF61E9E-2EC1-44B8-B677-321329DEF205}"
EndProject
Project("{9A19103F-16F7-4668-BE54-9A1E7A4F7556}") = "Silk.NET.OpenCL.Extensions.NV", "src\OpenCL\Extensions\Silk.NET.OpenCL.Extensions.NV\Silk.NET.OpenCL.Extensions.NV.csproj", "{8B8397F0-7A39-480F-8C19-0A96F121D57A}"
EndProject
Project("{9A19103F-16F7-4668-BE54-9A1E7A4F7556}") = "Silk.NET.OpenCL.Extensions.QCOM", "src\OpenCL\Extensions\Silk.NET.OpenCL.Extensions.QCOM\Silk.NET.OpenCL.Extensions.QCOM.csproj", "{45407BC4-DF4C-49BD-ADEF-706683C90E14}"
EndProject
Project("{9A19103F-16F7-4668-BE54-9A1E7A4F7556}") = "CLMultiplication", "src\Lab\CLMultiplication\CLMultiplication.csproj", "{34B8A8B7-9DDD-44C2-9FA2-24120BCCD8D5}"
EndProject
Project("{9A19103F-16F7-4668-BE54-9A1E7A4F7556}") = "SuperInvokeDiagnostics", "src\Lab\SuperInvokeDiagnostics\SuperInvokeDiagnostics.csproj", "{6C20EEEB-31FA-4A8B-AF96-8E98866C8E20}"
EndProject
Project("{9A19103F-16F7-4668-BE54-9A1E7A4F7556}") = "Tutorial 1.1 - Hello Window", "examples\CSharp\Tutorial 1.1 - Hello Window\Tutorial 1.1 - Hello Window.csproj", "{E20534C1-FFFE-407C-B259-F6D849B79B46}"
EndProject
Project("{9A19103F-16F7-4668-BE54-9A1E7A4F7556}") = "Tutorial 1.2 - Hello quad", "examples\CSharp\Tutorial 1.2 - Hello quad\Tutorial 1.2 - Hello quad.csproj", "{9EE3E60C-BCA2-46C1-B7D4-4500DE115FB6}"
EndProject
Project("{9A19103F-16F7-4668-BE54-9A1E7A4F7556}") = "Tutorial 1.3 - Abstraction", "examples\CSharp\Tutorial 1.3 - Abstractions\Tutorial 1.3 - Abstraction.csproj", "{C2FBD4E1-C87E-4053-97AA-397F0251A74C}"
EndProject
Project("{9A19103F-16F7-4668-BE54-9A1E7A4F7556}") = "Tutorial 1.4 - Textures", "examples\CSharp\Tutorial 1.4 - Textures\Tutorial 1.4 - Textures.csproj", "{A30575EC-C7CE-4245-B7D1-DED332948331}"
EndProject
Project("{9A19103F-16F7-4668-BE54-9A1E7A4F7556}") = "Tutorial 1.5 - Transformations", "examples\CSharp\Tutorial 1.5 - Transformations\Tutorial 1.5 - Transformations.csproj", "{77AA84B4-6D0A-4FCB-8268-18B2812D7955}"
EndProject
Project("{2150E333-8FDC-42A3-9474-1A3956D46DE8}") = "Extensions", "Extensions", "{8D84B804-168F-4EAA-BC09-F55A35A29887}"
EndProject
Project("{9A19103F-16F7-4668-BE54-9A1E7A4F7556}") = "Silk.NET.Input.Extensions", "src\Input\Extensions\Silk.NET.Input.Extensions\Silk.NET.Input.Extensions.csproj", "{8DCB2EB4-D0DE-4EF9-ACB3-332055D594CB}"
EndProject
Project("{2150E333-8FDC-42A3-9474-1A3956D46DE8}") = "Assimp", "Assimp", "{6EADA376-E83F-40B7-9539-71DD17AEF7A4}"
EndProject
Project("{9A19103F-16F7-4668-BE54-9A1E7A4F7556}") = "Silk.NET.Assimp", "src\Assimp\Silk.NET.Assimp\Silk.NET.Assimp.csproj", "{19586F56-E799-49EA-9B3C-910BF2D4976A}"
EndProject
Project("{9A19103F-16F7-4668-BE54-9A1E7A4F7556}") = "Tutorial 2.1 - Co-ordinate Systems", "examples\CSharp\Tutorial 2.1 - Co-ordinate Systems\Tutorial 2.1 - Co-ordinate Systems.csproj", "{7874B5F2-2428-4D4E-8FDB-8634573163B8}"
EndProject
Project("{9A19103F-16F7-4668-BE54-9A1E7A4F7556}") = "Tutorial 2.2 - Camera", "examples\CSharp\Tutorial 2.2 - Camera\Tutorial 2.2 - Camera.csproj", "{4FBE561E-7FF9-4D69-91D5-945DE9A20291}"
EndProject
Project("{9A19103F-16F7-4668-BE54-9A1E7A4F7556}") = "Tutorial 3.1 - Ambient Lighting", "examples\CSharp\Tutorial 3.1 - Ambient Lighting\Tutorial 3.1 - Ambient Lighting.csproj", "{0451BC01-130B-4C35-9F23-87A3AFDFED2E}"
EndProject
Project("{9A19103F-16F7-4668-BE54-9A1E7A4F7556}") = "Tutorial 3.2 - Diffuse Lighting", "examples\CSharp\Tutorial 3.2 - Diffuse Lighting\Tutorial 3.2 - Diffuse Lighting.csproj", "{D6CF7DDC-D36A-47B6-9C42-422DC3AA6B90}"
EndProject
Project("{9A19103F-16F7-4668-BE54-9A1E7A4F7556}") = "Tutorial 3.3 - Specular Lighting", "examples\CSharp\Tutorial 3.3 - Specular Lighting\Tutorial 3.3 - Specular Lighting.csproj", "{97C5570D-8342-4F62-9175-70C291D93431}"
EndProject
Project("{9A19103F-16F7-4668-BE54-9A1E7A4F7556}") = "Tutorial 3.4 - Materials", "examples\CSharp\Tutorial 3.4 - Materials\Tutorial 3.4 - Materials.csproj", "{5C119A02-AD0F-4222-9379-DB2DBAC59868}"
EndProject
Project("{9A19103F-16F7-4668-BE54-9A1E7A4F7556}") = "Tutorial 3.5 - Lighting Maps", "examples\CSharp\Tutorial 3.5 - Lighting Maps\Tutorial 3.5 - Lighting Maps.csproj", "{93CC7D39-530B-4E22-8D15-3A97FFA523F6}"
EndProject
Project("{9A19103F-16F7-4668-BE54-9A1E7A4F7556}") = "Silk.NET.Windowing", "src\Windowing\Silk.NET.Windowing\Silk.NET.Windowing.csproj", "{00D8F04F-2063-4F4E-B793-0F9DCF2BCFA9}"
EndProject
Project("{9A19103F-16F7-4668-BE54-9A1E7A4F7556}") = "Silk.NET.SilkTouch", "src\Core\Silk.NET.SilkTouch\Silk.NET.SilkTouch.csproj", "{6B703607-0D63-4A25-BB6A-EC1FBBD77A8C}"
EndProject
Project("{9A19103F-16F7-4668-BE54-9A1E7A4F7556}") = "CoreRTTest", "src\Lab\CoreRTTest\CoreRTTest.csproj", "{20322089-808E-4991-8CBE-9ED0548117F0}"
EndProject
Project("{9A19103F-16F7-4668-BE54-9A1E7A4F7556}") = "JITTesting", "src\Lab\JITTesting\JITTesting.csproj", "{D8AF5C5A-C618-4F27-B2C2-4DF23CBFC212}"
EndProject
Project("{9A19103F-16F7-4668-BE54-9A1E7A4F7556}") = "TestLib", "src\Lab\TestLib\TestLib.csproj", "{C7FFA58B-BFB0-4A42-AB19-84384B19D4E4}"
EndProject
Project("{9A19103F-16F7-4668-BE54-9A1E7A4F7556}") = "Silk.NET.NUKE", "build\nuke\Silk.NET.NUKE.csproj", "{B9A8D738-FE7D-4860-A446-4A03E3DDEB74}"
EndProject
Project("{9A19103F-16F7-4668-BE54-9A1E7A4F7556}") = "Silk.NET.NUKE.SshAgent", "src\Core\Silk.NET.NUKE.SshAgent\Silk.NET.NUKE.SshAgent.csproj", "{5D2BCEBE-A163-47E2-9B56-2151D4EC30B9}"
EndProject
Project("{2150E333-8FDC-42A3-9474-1A3956D46DE8}") = "Microsoft", "Microsoft", "{F2CF5D32-4B41-425E-B229-8FFC48F88063}"
EndProject
Project("{9A19103F-16F7-4668-BE54-9A1E7A4F7556}") = "Silk.NET.Direct3D11", "src\Microsoft\Silk.NET.Direct3D11\Silk.NET.Direct3D11.csproj", "{F3B7A9D6-5B15-45E8-925B-20B5BBD33428}"
EndProject
Project("{9A19103F-16F7-4668-BE54-9A1E7A4F7556}") = "Silk.NET.DXGI", "src\Microsoft\Silk.NET.DXGI\Silk.NET.DXGI.csproj", "{A768A346-6388-4881-8FF6-15F0163B76E0}"
EndProject
Project("{9A19103F-16F7-4668-BE54-9A1E7A4F7556}") = "Silk.NET.Direct3D12", "src\Microsoft\Silk.NET.Direct3D12\Silk.NET.Direct3D12.csproj", "{2C3099EA-C01C-4639-8300-153A9BD79292}"
EndProject
Project("{9A19103F-16F7-4668-BE54-9A1E7A4F7556}") = "Silk.NET.Direct3D9", "src\Microsoft\Silk.NET.Direct3D9\Silk.NET.Direct3D9.csproj", "{FFD95BCB-5209-48CC-8C2B-33189CCA0A6E}"
EndProject
Project("{9A19103F-16F7-4668-BE54-9A1E7A4F7556}") = "Silk.NET.Direct3D.Compilers", "src\Microsoft\Silk.NET.Direct3D.Compilers\Silk.NET.Direct3D.Compilers.csproj", "{07DD7965-849F-4311-9DAD-07C1CCF8BEA4}"
EndProject
Project("{9A19103F-16F7-4668-BE54-9A1E7A4F7556}") = "Silk.NET.XAudio", "src\Microsoft\Silk.NET.XAudio\Silk.NET.XAudio.csproj", "{4712BFE1-67DA-407F-8BDC-FAF529E5BF94}"
EndProject
Project("{9A19103F-16F7-4668-BE54-9A1E7A4F7556}") = "Silk.NET.XInput", "src\Microsoft\Silk.NET.XInput\Silk.NET.XInput.csproj", "{E8DE9BA0-8391-4278-926D-DD931C4172AF}"
EndProject
Project("{2150E333-8FDC-42A3-9474-1A3956D46DE8}") = "Maths", "Maths", "{41EEBDB3-75C4-4A60-B4D5-673FBCA791E7}"
	ProjectSection(SolutionItems) = preProject
		src\Maths\.editorconfig = src\Maths\.editorconfig
	EndProjectSection
EndProject
Project("{9A19103F-16F7-4668-BE54-9A1E7A4F7556}") = "Silk.NET.Maths", "src\Maths\Silk.NET.Maths\Silk.NET.Maths.csproj", "{BD86AB4D-74FD-429D-9AEE-79B0C429BB3A}"
EndProject
Project("{9A19103F-16F7-4668-BE54-9A1E7A4F7556}") = "Silk.NET.Maths.Benchmarks", "src\Maths\Silk.NET.Maths.Benchmarks\Silk.NET.Maths.Benchmarks.csproj", "{07915304-3B6B-400C-94F8-C49EF5F347E7}"
EndProject
Project("{9A19103F-16F7-4668-BE54-9A1E7A4F7556}") = "Silk.NET.Maths.Tests", "src\Maths\Silk.NET.Maths.Tests\Silk.NET.Maths.Tests.csproj", "{8C7A30EF-C257-421C-AABD-D42FF6D955A5}"
EndProject
Project("{9A19103F-16F7-4668-BE54-9A1E7A4F7556}") = "Utf8Test", "src\Lab\Utf8Test\Utf8Test.csproj", "{C06556DC-52AF-44AE-99B8-1251C18C3973}"
EndProject
Project("{9A19103F-16F7-4668-BE54-9A1E7A4F7556}") = "Silk.NET.Windowing.Extensions.Veldrid", "src\Windowing\Extensions\Silk.NET.Windowing.Extensions.Veldrid\Silk.NET.Windowing.Extensions.Veldrid.csproj", "{DE477265-8F7D-4D7F-B5DA-F3C5DE631788}"
EndProject
Project("{9A19103F-16F7-4668-BE54-9A1E7A4F7556}") = "VeldridTriangle", "src\Lab\VeldridTriangle\VeldridTriangle.csproj", "{FD88C431-C25B-45B0-ACB1-E66FD62DD755}"
EndProject
Project("{9A19103F-16F7-4668-BE54-9A1E7A4F7556}") = "D3D12Triangle", "src\Lab\D3D12Triangle\D3D12Triangle.csproj", "{760BE7AD-0683-451A-B28A-975A76404662}"
EndProject
Global
	GlobalSection(SolutionConfigurationPlatforms) = preSolution
		Debug|Any CPU = Debug|Any CPU
		Debug|x64 = Debug|x64
		Debug|x86 = Debug|x86
		Release|Any CPU = Release|Any CPU
		Release|x64 = Release|x64
		Release|x86 = Release|x86
	EndGlobalSection
	GlobalSection(ProjectConfigurationPlatforms) = postSolution
		{FD24E9FF-1097-4777-A418-F2D88C558665}.Debug|Any CPU.ActiveCfg = Debug|Any CPU
		{FD24E9FF-1097-4777-A418-F2D88C558665}.Debug|Any CPU.Build.0 = Debug|Any CPU
		{FD24E9FF-1097-4777-A418-F2D88C558665}.Debug|x64.ActiveCfg = Debug|Any CPU
		{FD24E9FF-1097-4777-A418-F2D88C558665}.Debug|x64.Build.0 = Debug|Any CPU
		{FD24E9FF-1097-4777-A418-F2D88C558665}.Debug|x86.ActiveCfg = Debug|Any CPU
		{FD24E9FF-1097-4777-A418-F2D88C558665}.Debug|x86.Build.0 = Debug|Any CPU
		{FD24E9FF-1097-4777-A418-F2D88C558665}.Release|Any CPU.ActiveCfg = Release|Any CPU
		{FD24E9FF-1097-4777-A418-F2D88C558665}.Release|Any CPU.Build.0 = Release|Any CPU
		{FD24E9FF-1097-4777-A418-F2D88C558665}.Release|x64.ActiveCfg = Release|Any CPU
		{FD24E9FF-1097-4777-A418-F2D88C558665}.Release|x64.Build.0 = Release|Any CPU
		{FD24E9FF-1097-4777-A418-F2D88C558665}.Release|x86.ActiveCfg = Release|Any CPU
		{FD24E9FF-1097-4777-A418-F2D88C558665}.Release|x86.Build.0 = Release|Any CPU
		{136C6154-D300-4B82-80D3-17B637841A2B}.Debug|Any CPU.ActiveCfg = Debug|Any CPU
		{136C6154-D300-4B82-80D3-17B637841A2B}.Debug|Any CPU.Build.0 = Debug|Any CPU
		{136C6154-D300-4B82-80D3-17B637841A2B}.Debug|x64.ActiveCfg = Debug|Any CPU
		{136C6154-D300-4B82-80D3-17B637841A2B}.Debug|x64.Build.0 = Debug|Any CPU
		{136C6154-D300-4B82-80D3-17B637841A2B}.Debug|x86.ActiveCfg = Debug|Any CPU
		{136C6154-D300-4B82-80D3-17B637841A2B}.Debug|x86.Build.0 = Debug|Any CPU
		{136C6154-D300-4B82-80D3-17B637841A2B}.Release|Any CPU.ActiveCfg = Release|Any CPU
		{136C6154-D300-4B82-80D3-17B637841A2B}.Release|Any CPU.Build.0 = Release|Any CPU
		{136C6154-D300-4B82-80D3-17B637841A2B}.Release|x64.ActiveCfg = Release|Any CPU
		{136C6154-D300-4B82-80D3-17B637841A2B}.Release|x64.Build.0 = Release|Any CPU
		{136C6154-D300-4B82-80D3-17B637841A2B}.Release|x86.ActiveCfg = Release|Any CPU
		{136C6154-D300-4B82-80D3-17B637841A2B}.Release|x86.Build.0 = Release|Any CPU
		{E8C4587E-9424-438B-AEAF-A09E0234865A}.Debug|Any CPU.ActiveCfg = Debug|Any CPU
		{E8C4587E-9424-438B-AEAF-A09E0234865A}.Debug|Any CPU.Build.0 = Debug|Any CPU
		{E8C4587E-9424-438B-AEAF-A09E0234865A}.Debug|x64.ActiveCfg = Debug|Any CPU
		{E8C4587E-9424-438B-AEAF-A09E0234865A}.Debug|x64.Build.0 = Debug|Any CPU
		{E8C4587E-9424-438B-AEAF-A09E0234865A}.Debug|x86.ActiveCfg = Debug|Any CPU
		{E8C4587E-9424-438B-AEAF-A09E0234865A}.Debug|x86.Build.0 = Debug|Any CPU
		{E8C4587E-9424-438B-AEAF-A09E0234865A}.Release|Any CPU.ActiveCfg = Release|Any CPU
		{E8C4587E-9424-438B-AEAF-A09E0234865A}.Release|Any CPU.Build.0 = Release|Any CPU
		{E8C4587E-9424-438B-AEAF-A09E0234865A}.Release|x64.ActiveCfg = Release|Any CPU
		{E8C4587E-9424-438B-AEAF-A09E0234865A}.Release|x64.Build.0 = Release|Any CPU
		{E8C4587E-9424-438B-AEAF-A09E0234865A}.Release|x86.ActiveCfg = Release|Any CPU
		{E8C4587E-9424-438B-AEAF-A09E0234865A}.Release|x86.Build.0 = Release|Any CPU
		{956F722C-DFD3-435E-9D2E-A0549C4D8BC0}.Debug|Any CPU.ActiveCfg = Debug|Any CPU
		{956F722C-DFD3-435E-9D2E-A0549C4D8BC0}.Debug|Any CPU.Build.0 = Debug|Any CPU
		{956F722C-DFD3-435E-9D2E-A0549C4D8BC0}.Debug|x64.ActiveCfg = Debug|Any CPU
		{956F722C-DFD3-435E-9D2E-A0549C4D8BC0}.Debug|x64.Build.0 = Debug|Any CPU
		{956F722C-DFD3-435E-9D2E-A0549C4D8BC0}.Debug|x86.ActiveCfg = Debug|Any CPU
		{956F722C-DFD3-435E-9D2E-A0549C4D8BC0}.Debug|x86.Build.0 = Debug|Any CPU
		{956F722C-DFD3-435E-9D2E-A0549C4D8BC0}.Release|Any CPU.ActiveCfg = Release|Any CPU
		{956F722C-DFD3-435E-9D2E-A0549C4D8BC0}.Release|Any CPU.Build.0 = Release|Any CPU
		{956F722C-DFD3-435E-9D2E-A0549C4D8BC0}.Release|x64.ActiveCfg = Release|Any CPU
		{956F722C-DFD3-435E-9D2E-A0549C4D8BC0}.Release|x64.Build.0 = Release|Any CPU
		{956F722C-DFD3-435E-9D2E-A0549C4D8BC0}.Release|x86.ActiveCfg = Release|Any CPU
		{956F722C-DFD3-435E-9D2E-A0549C4D8BC0}.Release|x86.Build.0 = Release|Any CPU
		{8FFF49D6-B029-400B-8510-1A088868DFA6}.Debug|Any CPU.ActiveCfg = Debug|Any CPU
		{8FFF49D6-B029-400B-8510-1A088868DFA6}.Debug|Any CPU.Build.0 = Debug|Any CPU
		{8FFF49D6-B029-400B-8510-1A088868DFA6}.Debug|x64.ActiveCfg = Debug|Any CPU
		{8FFF49D6-B029-400B-8510-1A088868DFA6}.Debug|x64.Build.0 = Debug|Any CPU
		{8FFF49D6-B029-400B-8510-1A088868DFA6}.Debug|x86.ActiveCfg = Debug|Any CPU
		{8FFF49D6-B029-400B-8510-1A088868DFA6}.Debug|x86.Build.0 = Debug|Any CPU
		{8FFF49D6-B029-400B-8510-1A088868DFA6}.Release|Any CPU.ActiveCfg = Release|Any CPU
		{8FFF49D6-B029-400B-8510-1A088868DFA6}.Release|Any CPU.Build.0 = Release|Any CPU
		{8FFF49D6-B029-400B-8510-1A088868DFA6}.Release|x64.ActiveCfg = Release|Any CPU
		{8FFF49D6-B029-400B-8510-1A088868DFA6}.Release|x64.Build.0 = Release|Any CPU
		{8FFF49D6-B029-400B-8510-1A088868DFA6}.Release|x86.ActiveCfg = Release|Any CPU
		{8FFF49D6-B029-400B-8510-1A088868DFA6}.Release|x86.Build.0 = Release|Any CPU
		{020A8E88-B607-4281-BA0D-5ED03484A201}.Debug|Any CPU.ActiveCfg = Debug|Any CPU
		{020A8E88-B607-4281-BA0D-5ED03484A201}.Debug|Any CPU.Build.0 = Debug|Any CPU
		{020A8E88-B607-4281-BA0D-5ED03484A201}.Debug|x64.ActiveCfg = Debug|Any CPU
		{020A8E88-B607-4281-BA0D-5ED03484A201}.Debug|x64.Build.0 = Debug|Any CPU
		{020A8E88-B607-4281-BA0D-5ED03484A201}.Debug|x86.ActiveCfg = Debug|Any CPU
		{020A8E88-B607-4281-BA0D-5ED03484A201}.Debug|x86.Build.0 = Debug|Any CPU
		{020A8E88-B607-4281-BA0D-5ED03484A201}.Release|Any CPU.ActiveCfg = Release|Any CPU
		{020A8E88-B607-4281-BA0D-5ED03484A201}.Release|Any CPU.Build.0 = Release|Any CPU
		{020A8E88-B607-4281-BA0D-5ED03484A201}.Release|x64.ActiveCfg = Release|Any CPU
		{020A8E88-B607-4281-BA0D-5ED03484A201}.Release|x64.Build.0 = Release|Any CPU
		{020A8E88-B607-4281-BA0D-5ED03484A201}.Release|x86.ActiveCfg = Release|Any CPU
		{020A8E88-B607-4281-BA0D-5ED03484A201}.Release|x86.Build.0 = Release|Any CPU
		{3E744E54-F450-4051-8919-04D9B591688E}.Debug|Any CPU.ActiveCfg = Debug|Any CPU
		{3E744E54-F450-4051-8919-04D9B591688E}.Debug|Any CPU.Build.0 = Debug|Any CPU
		{3E744E54-F450-4051-8919-04D9B591688E}.Debug|x64.ActiveCfg = Debug|Any CPU
		{3E744E54-F450-4051-8919-04D9B591688E}.Debug|x64.Build.0 = Debug|Any CPU
		{3E744E54-F450-4051-8919-04D9B591688E}.Debug|x86.ActiveCfg = Debug|Any CPU
		{3E744E54-F450-4051-8919-04D9B591688E}.Debug|x86.Build.0 = Debug|Any CPU
		{3E744E54-F450-4051-8919-04D9B591688E}.Release|Any CPU.ActiveCfg = Release|Any CPU
		{3E744E54-F450-4051-8919-04D9B591688E}.Release|Any CPU.Build.0 = Release|Any CPU
		{3E744E54-F450-4051-8919-04D9B591688E}.Release|x64.ActiveCfg = Release|Any CPU
		{3E744E54-F450-4051-8919-04D9B591688E}.Release|x64.Build.0 = Release|Any CPU
		{3E744E54-F450-4051-8919-04D9B591688E}.Release|x86.ActiveCfg = Release|Any CPU
		{3E744E54-F450-4051-8919-04D9B591688E}.Release|x86.Build.0 = Release|Any CPU
		{7BB1DE56-DA1C-4776-A961-B810574E1EF4}.Debug|Any CPU.ActiveCfg = Debug|Any CPU
		{7BB1DE56-DA1C-4776-A961-B810574E1EF4}.Debug|Any CPU.Build.0 = Debug|Any CPU
		{7BB1DE56-DA1C-4776-A961-B810574E1EF4}.Debug|x64.ActiveCfg = Debug|Any CPU
		{7BB1DE56-DA1C-4776-A961-B810574E1EF4}.Debug|x64.Build.0 = Debug|Any CPU
		{7BB1DE56-DA1C-4776-A961-B810574E1EF4}.Debug|x86.ActiveCfg = Debug|Any CPU
		{7BB1DE56-DA1C-4776-A961-B810574E1EF4}.Debug|x86.Build.0 = Debug|Any CPU
		{7BB1DE56-DA1C-4776-A961-B810574E1EF4}.Release|Any CPU.ActiveCfg = Release|Any CPU
		{7BB1DE56-DA1C-4776-A961-B810574E1EF4}.Release|Any CPU.Build.0 = Release|Any CPU
		{7BB1DE56-DA1C-4776-A961-B810574E1EF4}.Release|x64.ActiveCfg = Release|Any CPU
		{7BB1DE56-DA1C-4776-A961-B810574E1EF4}.Release|x64.Build.0 = Release|Any CPU
		{7BB1DE56-DA1C-4776-A961-B810574E1EF4}.Release|x86.ActiveCfg = Release|Any CPU
		{7BB1DE56-DA1C-4776-A961-B810574E1EF4}.Release|x86.Build.0 = Release|Any CPU
		{D702E338-BCB7-432C-8896-6B6086821B3E}.Debug|Any CPU.ActiveCfg = Debug|Any CPU
		{D702E338-BCB7-432C-8896-6B6086821B3E}.Debug|Any CPU.Build.0 = Debug|Any CPU
		{D702E338-BCB7-432C-8896-6B6086821B3E}.Debug|x64.ActiveCfg = Debug|Any CPU
		{D702E338-BCB7-432C-8896-6B6086821B3E}.Debug|x64.Build.0 = Debug|Any CPU
		{D702E338-BCB7-432C-8896-6B6086821B3E}.Debug|x86.ActiveCfg = Debug|Any CPU
		{D702E338-BCB7-432C-8896-6B6086821B3E}.Debug|x86.Build.0 = Debug|Any CPU
		{D702E338-BCB7-432C-8896-6B6086821B3E}.Release|Any CPU.ActiveCfg = Release|Any CPU
		{D702E338-BCB7-432C-8896-6B6086821B3E}.Release|Any CPU.Build.0 = Release|Any CPU
		{D702E338-BCB7-432C-8896-6B6086821B3E}.Release|x64.ActiveCfg = Release|Any CPU
		{D702E338-BCB7-432C-8896-6B6086821B3E}.Release|x64.Build.0 = Release|Any CPU
		{D702E338-BCB7-432C-8896-6B6086821B3E}.Release|x86.ActiveCfg = Release|Any CPU
		{D702E338-BCB7-432C-8896-6B6086821B3E}.Release|x86.Build.0 = Release|Any CPU
		{7F347EDA-EC20-4E3F-9C25-CF32ED7D9642}.Debug|Any CPU.ActiveCfg = Debug|Any CPU
		{7F347EDA-EC20-4E3F-9C25-CF32ED7D9642}.Debug|Any CPU.Build.0 = Debug|Any CPU
		{7F347EDA-EC20-4E3F-9C25-CF32ED7D9642}.Debug|x64.ActiveCfg = Debug|Any CPU
		{7F347EDA-EC20-4E3F-9C25-CF32ED7D9642}.Debug|x64.Build.0 = Debug|Any CPU
		{7F347EDA-EC20-4E3F-9C25-CF32ED7D9642}.Debug|x86.ActiveCfg = Debug|Any CPU
		{7F347EDA-EC20-4E3F-9C25-CF32ED7D9642}.Debug|x86.Build.0 = Debug|Any CPU
		{7F347EDA-EC20-4E3F-9C25-CF32ED7D9642}.Release|Any CPU.ActiveCfg = Release|Any CPU
		{7F347EDA-EC20-4E3F-9C25-CF32ED7D9642}.Release|Any CPU.Build.0 = Release|Any CPU
		{7F347EDA-EC20-4E3F-9C25-CF32ED7D9642}.Release|x64.ActiveCfg = Release|Any CPU
		{7F347EDA-EC20-4E3F-9C25-CF32ED7D9642}.Release|x64.Build.0 = Release|Any CPU
		{7F347EDA-EC20-4E3F-9C25-CF32ED7D9642}.Release|x86.ActiveCfg = Release|Any CPU
		{7F347EDA-EC20-4E3F-9C25-CF32ED7D9642}.Release|x86.Build.0 = Release|Any CPU
		{AC1B288B-2F07-49EB-8518-9DA27C6D6503}.Debug|Any CPU.ActiveCfg = Debug|Any CPU
		{AC1B288B-2F07-49EB-8518-9DA27C6D6503}.Debug|Any CPU.Build.0 = Debug|Any CPU
		{AC1B288B-2F07-49EB-8518-9DA27C6D6503}.Debug|x64.ActiveCfg = Debug|Any CPU
		{AC1B288B-2F07-49EB-8518-9DA27C6D6503}.Debug|x64.Build.0 = Debug|Any CPU
		{AC1B288B-2F07-49EB-8518-9DA27C6D6503}.Debug|x86.ActiveCfg = Debug|Any CPU
		{AC1B288B-2F07-49EB-8518-9DA27C6D6503}.Debug|x86.Build.0 = Debug|Any CPU
		{AC1B288B-2F07-49EB-8518-9DA27C6D6503}.Release|Any CPU.ActiveCfg = Release|Any CPU
		{AC1B288B-2F07-49EB-8518-9DA27C6D6503}.Release|Any CPU.Build.0 = Release|Any CPU
		{AC1B288B-2F07-49EB-8518-9DA27C6D6503}.Release|x64.ActiveCfg = Release|Any CPU
		{AC1B288B-2F07-49EB-8518-9DA27C6D6503}.Release|x64.Build.0 = Release|Any CPU
		{AC1B288B-2F07-49EB-8518-9DA27C6D6503}.Release|x86.ActiveCfg = Release|Any CPU
		{AC1B288B-2F07-49EB-8518-9DA27C6D6503}.Release|x86.Build.0 = Release|Any CPU
		{043852EA-FBD4-4F42-9CDC-92078F9EF942}.Debug|Any CPU.ActiveCfg = Debug|Any CPU
		{043852EA-FBD4-4F42-9CDC-92078F9EF942}.Debug|Any CPU.Build.0 = Debug|Any CPU
		{043852EA-FBD4-4F42-9CDC-92078F9EF942}.Debug|x64.ActiveCfg = Debug|Any CPU
		{043852EA-FBD4-4F42-9CDC-92078F9EF942}.Debug|x64.Build.0 = Debug|Any CPU
		{043852EA-FBD4-4F42-9CDC-92078F9EF942}.Debug|x86.ActiveCfg = Debug|Any CPU
		{043852EA-FBD4-4F42-9CDC-92078F9EF942}.Debug|x86.Build.0 = Debug|Any CPU
		{043852EA-FBD4-4F42-9CDC-92078F9EF942}.Release|Any CPU.ActiveCfg = Release|Any CPU
		{043852EA-FBD4-4F42-9CDC-92078F9EF942}.Release|Any CPU.Build.0 = Release|Any CPU
		{043852EA-FBD4-4F42-9CDC-92078F9EF942}.Release|x64.ActiveCfg = Release|Any CPU
		{043852EA-FBD4-4F42-9CDC-92078F9EF942}.Release|x64.Build.0 = Release|Any CPU
		{043852EA-FBD4-4F42-9CDC-92078F9EF942}.Release|x86.ActiveCfg = Release|Any CPU
		{043852EA-FBD4-4F42-9CDC-92078F9EF942}.Release|x86.Build.0 = Release|Any CPU
		{D860135C-01A2-4597-B1B2-DA4882C09798}.Debug|Any CPU.ActiveCfg = Debug|Any CPU
		{D860135C-01A2-4597-B1B2-DA4882C09798}.Debug|Any CPU.Build.0 = Debug|Any CPU
		{D860135C-01A2-4597-B1B2-DA4882C09798}.Debug|x64.ActiveCfg = Debug|Any CPU
		{D860135C-01A2-4597-B1B2-DA4882C09798}.Debug|x64.Build.0 = Debug|Any CPU
		{D860135C-01A2-4597-B1B2-DA4882C09798}.Debug|x86.ActiveCfg = Debug|Any CPU
		{D860135C-01A2-4597-B1B2-DA4882C09798}.Debug|x86.Build.0 = Debug|Any CPU
		{D860135C-01A2-4597-B1B2-DA4882C09798}.Release|Any CPU.ActiveCfg = Release|Any CPU
		{D860135C-01A2-4597-B1B2-DA4882C09798}.Release|Any CPU.Build.0 = Release|Any CPU
		{D860135C-01A2-4597-B1B2-DA4882C09798}.Release|x64.ActiveCfg = Release|Any CPU
		{D860135C-01A2-4597-B1B2-DA4882C09798}.Release|x64.Build.0 = Release|Any CPU
		{D860135C-01A2-4597-B1B2-DA4882C09798}.Release|x86.ActiveCfg = Release|Any CPU
		{D860135C-01A2-4597-B1B2-DA4882C09798}.Release|x86.Build.0 = Release|Any CPU
		{A82D0553-7880-462E-B8B2-1DF334DF6FBA}.Debug|Any CPU.ActiveCfg = Debug|Any CPU
		{A82D0553-7880-462E-B8B2-1DF334DF6FBA}.Debug|Any CPU.Build.0 = Debug|Any CPU
		{A82D0553-7880-462E-B8B2-1DF334DF6FBA}.Debug|x64.ActiveCfg = Debug|Any CPU
		{A82D0553-7880-462E-B8B2-1DF334DF6FBA}.Debug|x64.Build.0 = Debug|Any CPU
		{A82D0553-7880-462E-B8B2-1DF334DF6FBA}.Debug|x86.ActiveCfg = Debug|Any CPU
		{A82D0553-7880-462E-B8B2-1DF334DF6FBA}.Debug|x86.Build.0 = Debug|Any CPU
		{A82D0553-7880-462E-B8B2-1DF334DF6FBA}.Release|Any CPU.ActiveCfg = Release|Any CPU
		{A82D0553-7880-462E-B8B2-1DF334DF6FBA}.Release|Any CPU.Build.0 = Release|Any CPU
		{A82D0553-7880-462E-B8B2-1DF334DF6FBA}.Release|x64.ActiveCfg = Release|Any CPU
		{A82D0553-7880-462E-B8B2-1DF334DF6FBA}.Release|x64.Build.0 = Release|Any CPU
		{A82D0553-7880-462E-B8B2-1DF334DF6FBA}.Release|x86.ActiveCfg = Release|Any CPU
		{A82D0553-7880-462E-B8B2-1DF334DF6FBA}.Release|x86.Build.0 = Release|Any CPU
		{96F4E9BD-2B70-4E2E-BB4D-91158F60A613}.Debug|Any CPU.ActiveCfg = Debug|Any CPU
		{96F4E9BD-2B70-4E2E-BB4D-91158F60A613}.Debug|Any CPU.Build.0 = Debug|Any CPU
		{96F4E9BD-2B70-4E2E-BB4D-91158F60A613}.Debug|x64.ActiveCfg = Debug|Any CPU
		{96F4E9BD-2B70-4E2E-BB4D-91158F60A613}.Debug|x64.Build.0 = Debug|Any CPU
		{96F4E9BD-2B70-4E2E-BB4D-91158F60A613}.Debug|x86.ActiveCfg = Debug|Any CPU
		{96F4E9BD-2B70-4E2E-BB4D-91158F60A613}.Debug|x86.Build.0 = Debug|Any CPU
		{96F4E9BD-2B70-4E2E-BB4D-91158F60A613}.Release|Any CPU.ActiveCfg = Release|Any CPU
		{96F4E9BD-2B70-4E2E-BB4D-91158F60A613}.Release|Any CPU.Build.0 = Release|Any CPU
		{96F4E9BD-2B70-4E2E-BB4D-91158F60A613}.Release|x64.ActiveCfg = Release|Any CPU
		{96F4E9BD-2B70-4E2E-BB4D-91158F60A613}.Release|x64.Build.0 = Release|Any CPU
		{96F4E9BD-2B70-4E2E-BB4D-91158F60A613}.Release|x86.ActiveCfg = Release|Any CPU
		{96F4E9BD-2B70-4E2E-BB4D-91158F60A613}.Release|x86.Build.0 = Release|Any CPU
		{C052CB0F-8A58-40C0-8A26-BEACEB8CD9A7}.Debug|Any CPU.ActiveCfg = Debug|Any CPU
		{C052CB0F-8A58-40C0-8A26-BEACEB8CD9A7}.Debug|Any CPU.Build.0 = Debug|Any CPU
		{C052CB0F-8A58-40C0-8A26-BEACEB8CD9A7}.Debug|x64.ActiveCfg = Debug|Any CPU
		{C052CB0F-8A58-40C0-8A26-BEACEB8CD9A7}.Debug|x64.Build.0 = Debug|Any CPU
		{C052CB0F-8A58-40C0-8A26-BEACEB8CD9A7}.Debug|x86.ActiveCfg = Debug|Any CPU
		{C052CB0F-8A58-40C0-8A26-BEACEB8CD9A7}.Debug|x86.Build.0 = Debug|Any CPU
		{C052CB0F-8A58-40C0-8A26-BEACEB8CD9A7}.Release|Any CPU.ActiveCfg = Release|Any CPU
		{C052CB0F-8A58-40C0-8A26-BEACEB8CD9A7}.Release|Any CPU.Build.0 = Release|Any CPU
		{C052CB0F-8A58-40C0-8A26-BEACEB8CD9A7}.Release|x64.ActiveCfg = Release|Any CPU
		{C052CB0F-8A58-40C0-8A26-BEACEB8CD9A7}.Release|x64.Build.0 = Release|Any CPU
		{C052CB0F-8A58-40C0-8A26-BEACEB8CD9A7}.Release|x86.ActiveCfg = Release|Any CPU
		{C052CB0F-8A58-40C0-8A26-BEACEB8CD9A7}.Release|x86.Build.0 = Release|Any CPU
		{D4514077-0917-49CC-A222-FE2988D6BECE}.Debug|Any CPU.ActiveCfg = Debug|Any CPU
		{D4514077-0917-49CC-A222-FE2988D6BECE}.Debug|Any CPU.Build.0 = Debug|Any CPU
		{D4514077-0917-49CC-A222-FE2988D6BECE}.Debug|x64.ActiveCfg = Debug|Any CPU
		{D4514077-0917-49CC-A222-FE2988D6BECE}.Debug|x64.Build.0 = Debug|Any CPU
		{D4514077-0917-49CC-A222-FE2988D6BECE}.Debug|x86.ActiveCfg = Debug|Any CPU
		{D4514077-0917-49CC-A222-FE2988D6BECE}.Debug|x86.Build.0 = Debug|Any CPU
		{D4514077-0917-49CC-A222-FE2988D6BECE}.Release|Any CPU.ActiveCfg = Release|Any CPU
		{D4514077-0917-49CC-A222-FE2988D6BECE}.Release|Any CPU.Build.0 = Release|Any CPU
		{D4514077-0917-49CC-A222-FE2988D6BECE}.Release|x64.ActiveCfg = Release|Any CPU
		{D4514077-0917-49CC-A222-FE2988D6BECE}.Release|x64.Build.0 = Release|Any CPU
		{D4514077-0917-49CC-A222-FE2988D6BECE}.Release|x86.ActiveCfg = Release|Any CPU
		{D4514077-0917-49CC-A222-FE2988D6BECE}.Release|x86.Build.0 = Release|Any CPU
		{70379A09-9EDB-41F7-81CF-34ABE525693D}.Debug|Any CPU.ActiveCfg = Debug|Any CPU
		{70379A09-9EDB-41F7-81CF-34ABE525693D}.Debug|Any CPU.Build.0 = Debug|Any CPU
		{70379A09-9EDB-41F7-81CF-34ABE525693D}.Debug|x64.ActiveCfg = Debug|Any CPU
		{70379A09-9EDB-41F7-81CF-34ABE525693D}.Debug|x64.Build.0 = Debug|Any CPU
		{70379A09-9EDB-41F7-81CF-34ABE525693D}.Debug|x86.ActiveCfg = Debug|Any CPU
		{70379A09-9EDB-41F7-81CF-34ABE525693D}.Debug|x86.Build.0 = Debug|Any CPU
		{70379A09-9EDB-41F7-81CF-34ABE525693D}.Release|Any CPU.ActiveCfg = Release|Any CPU
		{70379A09-9EDB-41F7-81CF-34ABE525693D}.Release|Any CPU.Build.0 = Release|Any CPU
		{70379A09-9EDB-41F7-81CF-34ABE525693D}.Release|x64.ActiveCfg = Release|Any CPU
		{70379A09-9EDB-41F7-81CF-34ABE525693D}.Release|x64.Build.0 = Release|Any CPU
		{70379A09-9EDB-41F7-81CF-34ABE525693D}.Release|x86.ActiveCfg = Release|Any CPU
		{70379A09-9EDB-41F7-81CF-34ABE525693D}.Release|x86.Build.0 = Release|Any CPU
		{8180C066-71E5-4D45-8DFE-EF254FE86A30}.Debug|Any CPU.ActiveCfg = Debug|Any CPU
		{8180C066-71E5-4D45-8DFE-EF254FE86A30}.Debug|Any CPU.Build.0 = Debug|Any CPU
		{8180C066-71E5-4D45-8DFE-EF254FE86A30}.Debug|x64.ActiveCfg = Debug|Any CPU
		{8180C066-71E5-4D45-8DFE-EF254FE86A30}.Debug|x64.Build.0 = Debug|Any CPU
		{8180C066-71E5-4D45-8DFE-EF254FE86A30}.Debug|x86.ActiveCfg = Debug|Any CPU
		{8180C066-71E5-4D45-8DFE-EF254FE86A30}.Debug|x86.Build.0 = Debug|Any CPU
		{8180C066-71E5-4D45-8DFE-EF254FE86A30}.Release|Any CPU.ActiveCfg = Release|Any CPU
		{8180C066-71E5-4D45-8DFE-EF254FE86A30}.Release|Any CPU.Build.0 = Release|Any CPU
		{8180C066-71E5-4D45-8DFE-EF254FE86A30}.Release|x64.ActiveCfg = Release|Any CPU
		{8180C066-71E5-4D45-8DFE-EF254FE86A30}.Release|x64.Build.0 = Release|Any CPU
		{8180C066-71E5-4D45-8DFE-EF254FE86A30}.Release|x86.ActiveCfg = Release|Any CPU
		{8180C066-71E5-4D45-8DFE-EF254FE86A30}.Release|x86.Build.0 = Release|Any CPU
		{085677FA-4B70-430F-8675-77091EBD9ED5}.Debug|Any CPU.ActiveCfg = Debug|Any CPU
		{085677FA-4B70-430F-8675-77091EBD9ED5}.Debug|Any CPU.Build.0 = Debug|Any CPU
		{085677FA-4B70-430F-8675-77091EBD9ED5}.Debug|x64.ActiveCfg = Debug|Any CPU
		{085677FA-4B70-430F-8675-77091EBD9ED5}.Debug|x64.Build.0 = Debug|Any CPU
		{085677FA-4B70-430F-8675-77091EBD9ED5}.Debug|x86.ActiveCfg = Debug|Any CPU
		{085677FA-4B70-430F-8675-77091EBD9ED5}.Debug|x86.Build.0 = Debug|Any CPU
		{085677FA-4B70-430F-8675-77091EBD9ED5}.Release|Any CPU.ActiveCfg = Release|Any CPU
		{085677FA-4B70-430F-8675-77091EBD9ED5}.Release|Any CPU.Build.0 = Release|Any CPU
		{085677FA-4B70-430F-8675-77091EBD9ED5}.Release|x64.ActiveCfg = Release|Any CPU
		{085677FA-4B70-430F-8675-77091EBD9ED5}.Release|x64.Build.0 = Release|Any CPU
		{085677FA-4B70-430F-8675-77091EBD9ED5}.Release|x86.ActiveCfg = Release|Any CPU
		{085677FA-4B70-430F-8675-77091EBD9ED5}.Release|x86.Build.0 = Release|Any CPU
		{899DB28C-722D-46A1-9A17-378DF19FA526}.Debug|Any CPU.ActiveCfg = Debug|Any CPU
		{899DB28C-722D-46A1-9A17-378DF19FA526}.Debug|Any CPU.Build.0 = Debug|Any CPU
		{899DB28C-722D-46A1-9A17-378DF19FA526}.Debug|x64.ActiveCfg = Debug|Any CPU
		{899DB28C-722D-46A1-9A17-378DF19FA526}.Debug|x64.Build.0 = Debug|Any CPU
		{899DB28C-722D-46A1-9A17-378DF19FA526}.Debug|x86.ActiveCfg = Debug|Any CPU
		{899DB28C-722D-46A1-9A17-378DF19FA526}.Debug|x86.Build.0 = Debug|Any CPU
		{899DB28C-722D-46A1-9A17-378DF19FA526}.Release|Any CPU.ActiveCfg = Release|Any CPU
		{899DB28C-722D-46A1-9A17-378DF19FA526}.Release|Any CPU.Build.0 = Release|Any CPU
		{899DB28C-722D-46A1-9A17-378DF19FA526}.Release|x64.ActiveCfg = Release|Any CPU
		{899DB28C-722D-46A1-9A17-378DF19FA526}.Release|x64.Build.0 = Release|Any CPU
		{899DB28C-722D-46A1-9A17-378DF19FA526}.Release|x86.ActiveCfg = Release|Any CPU
		{899DB28C-722D-46A1-9A17-378DF19FA526}.Release|x86.Build.0 = Release|Any CPU
		{3D945DE0-1E2D-439E-991D-9C65C325F82F}.Debug|Any CPU.ActiveCfg = Debug|Any CPU
		{3D945DE0-1E2D-439E-991D-9C65C325F82F}.Debug|Any CPU.Build.0 = Debug|Any CPU
		{3D945DE0-1E2D-439E-991D-9C65C325F82F}.Debug|x64.ActiveCfg = Debug|Any CPU
		{3D945DE0-1E2D-439E-991D-9C65C325F82F}.Debug|x64.Build.0 = Debug|Any CPU
		{3D945DE0-1E2D-439E-991D-9C65C325F82F}.Debug|x86.ActiveCfg = Debug|Any CPU
		{3D945DE0-1E2D-439E-991D-9C65C325F82F}.Debug|x86.Build.0 = Debug|Any CPU
		{3D945DE0-1E2D-439E-991D-9C65C325F82F}.Release|Any CPU.ActiveCfg = Release|Any CPU
		{3D945DE0-1E2D-439E-991D-9C65C325F82F}.Release|Any CPU.Build.0 = Release|Any CPU
		{3D945DE0-1E2D-439E-991D-9C65C325F82F}.Release|x64.ActiveCfg = Release|Any CPU
		{3D945DE0-1E2D-439E-991D-9C65C325F82F}.Release|x64.Build.0 = Release|Any CPU
		{3D945DE0-1E2D-439E-991D-9C65C325F82F}.Release|x86.ActiveCfg = Release|Any CPU
		{3D945DE0-1E2D-439E-991D-9C65C325F82F}.Release|x86.Build.0 = Release|Any CPU
		{50D5EAD9-78BB-4D1B-AF37-130BF3AF82FD}.Debug|Any CPU.ActiveCfg = Debug|Any CPU
		{50D5EAD9-78BB-4D1B-AF37-130BF3AF82FD}.Debug|Any CPU.Build.0 = Debug|Any CPU
		{50D5EAD9-78BB-4D1B-AF37-130BF3AF82FD}.Debug|x64.ActiveCfg = Debug|Any CPU
		{50D5EAD9-78BB-4D1B-AF37-130BF3AF82FD}.Debug|x64.Build.0 = Debug|Any CPU
		{50D5EAD9-78BB-4D1B-AF37-130BF3AF82FD}.Debug|x86.ActiveCfg = Debug|Any CPU
		{50D5EAD9-78BB-4D1B-AF37-130BF3AF82FD}.Debug|x86.Build.0 = Debug|Any CPU
		{50D5EAD9-78BB-4D1B-AF37-130BF3AF82FD}.Release|Any CPU.ActiveCfg = Release|Any CPU
		{50D5EAD9-78BB-4D1B-AF37-130BF3AF82FD}.Release|Any CPU.Build.0 = Release|Any CPU
		{50D5EAD9-78BB-4D1B-AF37-130BF3AF82FD}.Release|x64.ActiveCfg = Release|Any CPU
		{50D5EAD9-78BB-4D1B-AF37-130BF3AF82FD}.Release|x64.Build.0 = Release|Any CPU
		{50D5EAD9-78BB-4D1B-AF37-130BF3AF82FD}.Release|x86.ActiveCfg = Release|Any CPU
		{50D5EAD9-78BB-4D1B-AF37-130BF3AF82FD}.Release|x86.Build.0 = Release|Any CPU
		{36C1A2C8-2004-4CD8-BEB8-426BBABA2051}.Debug|Any CPU.ActiveCfg = Debug|Any CPU
		{36C1A2C8-2004-4CD8-BEB8-426BBABA2051}.Debug|Any CPU.Build.0 = Debug|Any CPU
		{36C1A2C8-2004-4CD8-BEB8-426BBABA2051}.Debug|x64.ActiveCfg = Debug|Any CPU
		{36C1A2C8-2004-4CD8-BEB8-426BBABA2051}.Debug|x64.Build.0 = Debug|Any CPU
		{36C1A2C8-2004-4CD8-BEB8-426BBABA2051}.Debug|x86.ActiveCfg = Debug|Any CPU
		{36C1A2C8-2004-4CD8-BEB8-426BBABA2051}.Debug|x86.Build.0 = Debug|Any CPU
		{36C1A2C8-2004-4CD8-BEB8-426BBABA2051}.Release|Any CPU.ActiveCfg = Release|Any CPU
		{36C1A2C8-2004-4CD8-BEB8-426BBABA2051}.Release|Any CPU.Build.0 = Release|Any CPU
		{36C1A2C8-2004-4CD8-BEB8-426BBABA2051}.Release|x64.ActiveCfg = Release|Any CPU
		{36C1A2C8-2004-4CD8-BEB8-426BBABA2051}.Release|x64.Build.0 = Release|Any CPU
		{36C1A2C8-2004-4CD8-BEB8-426BBABA2051}.Release|x86.ActiveCfg = Release|Any CPU
		{36C1A2C8-2004-4CD8-BEB8-426BBABA2051}.Release|x86.Build.0 = Release|Any CPU
		{93041A0D-9BA2-4BAB-B01E-3003AEAC0A31}.Debug|Any CPU.ActiveCfg = Debug|Any CPU
		{93041A0D-9BA2-4BAB-B01E-3003AEAC0A31}.Debug|Any CPU.Build.0 = Debug|Any CPU
		{93041A0D-9BA2-4BAB-B01E-3003AEAC0A31}.Debug|x64.ActiveCfg = Debug|Any CPU
		{93041A0D-9BA2-4BAB-B01E-3003AEAC0A31}.Debug|x64.Build.0 = Debug|Any CPU
		{93041A0D-9BA2-4BAB-B01E-3003AEAC0A31}.Debug|x86.ActiveCfg = Debug|Any CPU
		{93041A0D-9BA2-4BAB-B01E-3003AEAC0A31}.Debug|x86.Build.0 = Debug|Any CPU
		{93041A0D-9BA2-4BAB-B01E-3003AEAC0A31}.Release|Any CPU.ActiveCfg = Release|Any CPU
		{93041A0D-9BA2-4BAB-B01E-3003AEAC0A31}.Release|Any CPU.Build.0 = Release|Any CPU
		{93041A0D-9BA2-4BAB-B01E-3003AEAC0A31}.Release|x64.ActiveCfg = Release|Any CPU
		{93041A0D-9BA2-4BAB-B01E-3003AEAC0A31}.Release|x64.Build.0 = Release|Any CPU
		{93041A0D-9BA2-4BAB-B01E-3003AEAC0A31}.Release|x86.ActiveCfg = Release|Any CPU
		{93041A0D-9BA2-4BAB-B01E-3003AEAC0A31}.Release|x86.Build.0 = Release|Any CPU
		{13AAF660-1E37-4C63-B2B7-49140B9F5049}.Debug|Any CPU.ActiveCfg = Debug|Any CPU
		{13AAF660-1E37-4C63-B2B7-49140B9F5049}.Debug|Any CPU.Build.0 = Debug|Any CPU
		{13AAF660-1E37-4C63-B2B7-49140B9F5049}.Debug|x64.ActiveCfg = Debug|Any CPU
		{13AAF660-1E37-4C63-B2B7-49140B9F5049}.Debug|x64.Build.0 = Debug|Any CPU
		{13AAF660-1E37-4C63-B2B7-49140B9F5049}.Debug|x86.ActiveCfg = Debug|Any CPU
		{13AAF660-1E37-4C63-B2B7-49140B9F5049}.Debug|x86.Build.0 = Debug|Any CPU
		{13AAF660-1E37-4C63-B2B7-49140B9F5049}.Release|Any CPU.ActiveCfg = Release|Any CPU
		{13AAF660-1E37-4C63-B2B7-49140B9F5049}.Release|Any CPU.Build.0 = Release|Any CPU
		{13AAF660-1E37-4C63-B2B7-49140B9F5049}.Release|x64.ActiveCfg = Release|Any CPU
		{13AAF660-1E37-4C63-B2B7-49140B9F5049}.Release|x64.Build.0 = Release|Any CPU
		{13AAF660-1E37-4C63-B2B7-49140B9F5049}.Release|x86.ActiveCfg = Release|Any CPU
		{13AAF660-1E37-4C63-B2B7-49140B9F5049}.Release|x86.Build.0 = Release|Any CPU
		{734DF4E8-9F89-4D0B-AB0B-022FED9849EA}.Debug|Any CPU.ActiveCfg = Debug|Any CPU
		{734DF4E8-9F89-4D0B-AB0B-022FED9849EA}.Debug|Any CPU.Build.0 = Debug|Any CPU
		{734DF4E8-9F89-4D0B-AB0B-022FED9849EA}.Debug|x64.ActiveCfg = Debug|Any CPU
		{734DF4E8-9F89-4D0B-AB0B-022FED9849EA}.Debug|x64.Build.0 = Debug|Any CPU
		{734DF4E8-9F89-4D0B-AB0B-022FED9849EA}.Debug|x86.ActiveCfg = Debug|Any CPU
		{734DF4E8-9F89-4D0B-AB0B-022FED9849EA}.Debug|x86.Build.0 = Debug|Any CPU
		{734DF4E8-9F89-4D0B-AB0B-022FED9849EA}.Release|Any CPU.ActiveCfg = Release|Any CPU
		{734DF4E8-9F89-4D0B-AB0B-022FED9849EA}.Release|Any CPU.Build.0 = Release|Any CPU
		{734DF4E8-9F89-4D0B-AB0B-022FED9849EA}.Release|x64.ActiveCfg = Release|Any CPU
		{734DF4E8-9F89-4D0B-AB0B-022FED9849EA}.Release|x64.Build.0 = Release|Any CPU
		{734DF4E8-9F89-4D0B-AB0B-022FED9849EA}.Release|x86.ActiveCfg = Release|Any CPU
		{734DF4E8-9F89-4D0B-AB0B-022FED9849EA}.Release|x86.Build.0 = Release|Any CPU
		{184BB500-CFDB-4AA6-AF33-9CD22AFFB224}.Debug|Any CPU.ActiveCfg = Debug|Any CPU
		{184BB500-CFDB-4AA6-AF33-9CD22AFFB224}.Debug|Any CPU.Build.0 = Debug|Any CPU
		{184BB500-CFDB-4AA6-AF33-9CD22AFFB224}.Debug|x64.ActiveCfg = Debug|Any CPU
		{184BB500-CFDB-4AA6-AF33-9CD22AFFB224}.Debug|x64.Build.0 = Debug|Any CPU
		{184BB500-CFDB-4AA6-AF33-9CD22AFFB224}.Debug|x86.ActiveCfg = Debug|Any CPU
		{184BB500-CFDB-4AA6-AF33-9CD22AFFB224}.Debug|x86.Build.0 = Debug|Any CPU
		{184BB500-CFDB-4AA6-AF33-9CD22AFFB224}.Release|Any CPU.ActiveCfg = Release|Any CPU
		{184BB500-CFDB-4AA6-AF33-9CD22AFFB224}.Release|Any CPU.Build.0 = Release|Any CPU
		{184BB500-CFDB-4AA6-AF33-9CD22AFFB224}.Release|x64.ActiveCfg = Release|Any CPU
		{184BB500-CFDB-4AA6-AF33-9CD22AFFB224}.Release|x64.Build.0 = Release|Any CPU
		{184BB500-CFDB-4AA6-AF33-9CD22AFFB224}.Release|x86.ActiveCfg = Release|Any CPU
		{184BB500-CFDB-4AA6-AF33-9CD22AFFB224}.Release|x86.Build.0 = Release|Any CPU
		{4965C44F-DAE6-4EDA-991F-4390595A20BA}.Debug|Any CPU.ActiveCfg = Debug|Any CPU
		{4965C44F-DAE6-4EDA-991F-4390595A20BA}.Debug|Any CPU.Build.0 = Debug|Any CPU
		{4965C44F-DAE6-4EDA-991F-4390595A20BA}.Debug|x64.ActiveCfg = Debug|Any CPU
		{4965C44F-DAE6-4EDA-991F-4390595A20BA}.Debug|x64.Build.0 = Debug|Any CPU
		{4965C44F-DAE6-4EDA-991F-4390595A20BA}.Debug|x86.ActiveCfg = Debug|Any CPU
		{4965C44F-DAE6-4EDA-991F-4390595A20BA}.Debug|x86.Build.0 = Debug|Any CPU
		{4965C44F-DAE6-4EDA-991F-4390595A20BA}.Release|Any CPU.ActiveCfg = Release|Any CPU
		{4965C44F-DAE6-4EDA-991F-4390595A20BA}.Release|Any CPU.Build.0 = Release|Any CPU
		{4965C44F-DAE6-4EDA-991F-4390595A20BA}.Release|x64.ActiveCfg = Release|Any CPU
		{4965C44F-DAE6-4EDA-991F-4390595A20BA}.Release|x64.Build.0 = Release|Any CPU
		{4965C44F-DAE6-4EDA-991F-4390595A20BA}.Release|x86.ActiveCfg = Release|Any CPU
		{4965C44F-DAE6-4EDA-991F-4390595A20BA}.Release|x86.Build.0 = Release|Any CPU
		{74140997-E9C8-4CCC-9235-C6E2DABAF8D3}.Debug|Any CPU.ActiveCfg = Debug|Any CPU
		{74140997-E9C8-4CCC-9235-C6E2DABAF8D3}.Debug|Any CPU.Build.0 = Debug|Any CPU
		{74140997-E9C8-4CCC-9235-C6E2DABAF8D3}.Debug|x64.ActiveCfg = Debug|Any CPU
		{74140997-E9C8-4CCC-9235-C6E2DABAF8D3}.Debug|x64.Build.0 = Debug|Any CPU
		{74140997-E9C8-4CCC-9235-C6E2DABAF8D3}.Debug|x86.ActiveCfg = Debug|Any CPU
		{74140997-E9C8-4CCC-9235-C6E2DABAF8D3}.Debug|x86.Build.0 = Debug|Any CPU
		{74140997-E9C8-4CCC-9235-C6E2DABAF8D3}.Release|Any CPU.ActiveCfg = Release|Any CPU
		{74140997-E9C8-4CCC-9235-C6E2DABAF8D3}.Release|Any CPU.Build.0 = Release|Any CPU
		{74140997-E9C8-4CCC-9235-C6E2DABAF8D3}.Release|x64.ActiveCfg = Release|Any CPU
		{74140997-E9C8-4CCC-9235-C6E2DABAF8D3}.Release|x64.Build.0 = Release|Any CPU
		{74140997-E9C8-4CCC-9235-C6E2DABAF8D3}.Release|x86.ActiveCfg = Release|Any CPU
		{74140997-E9C8-4CCC-9235-C6E2DABAF8D3}.Release|x86.Build.0 = Release|Any CPU
		{4B50A1B4-AB5E-469B-A8AC-635E023EC77C}.Debug|Any CPU.ActiveCfg = Debug|Any CPU
		{4B50A1B4-AB5E-469B-A8AC-635E023EC77C}.Debug|Any CPU.Build.0 = Debug|Any CPU
		{4B50A1B4-AB5E-469B-A8AC-635E023EC77C}.Debug|x64.ActiveCfg = Debug|Any CPU
		{4B50A1B4-AB5E-469B-A8AC-635E023EC77C}.Debug|x64.Build.0 = Debug|Any CPU
		{4B50A1B4-AB5E-469B-A8AC-635E023EC77C}.Debug|x86.ActiveCfg = Debug|Any CPU
		{4B50A1B4-AB5E-469B-A8AC-635E023EC77C}.Debug|x86.Build.0 = Debug|Any CPU
		{4B50A1B4-AB5E-469B-A8AC-635E023EC77C}.Release|Any CPU.ActiveCfg = Release|Any CPU
		{4B50A1B4-AB5E-469B-A8AC-635E023EC77C}.Release|Any CPU.Build.0 = Release|Any CPU
		{4B50A1B4-AB5E-469B-A8AC-635E023EC77C}.Release|x64.ActiveCfg = Release|Any CPU
		{4B50A1B4-AB5E-469B-A8AC-635E023EC77C}.Release|x64.Build.0 = Release|Any CPU
		{4B50A1B4-AB5E-469B-A8AC-635E023EC77C}.Release|x86.ActiveCfg = Release|Any CPU
		{4B50A1B4-AB5E-469B-A8AC-635E023EC77C}.Release|x86.Build.0 = Release|Any CPU
		{BEF61E9E-2EC1-44B8-B677-321329DEF205}.Debug|Any CPU.ActiveCfg = Debug|Any CPU
		{BEF61E9E-2EC1-44B8-B677-321329DEF205}.Debug|Any CPU.Build.0 = Debug|Any CPU
		{BEF61E9E-2EC1-44B8-B677-321329DEF205}.Debug|x64.ActiveCfg = Debug|Any CPU
		{BEF61E9E-2EC1-44B8-B677-321329DEF205}.Debug|x64.Build.0 = Debug|Any CPU
		{BEF61E9E-2EC1-44B8-B677-321329DEF205}.Debug|x86.ActiveCfg = Debug|Any CPU
		{BEF61E9E-2EC1-44B8-B677-321329DEF205}.Debug|x86.Build.0 = Debug|Any CPU
		{BEF61E9E-2EC1-44B8-B677-321329DEF205}.Release|Any CPU.ActiveCfg = Release|Any CPU
		{BEF61E9E-2EC1-44B8-B677-321329DEF205}.Release|Any CPU.Build.0 = Release|Any CPU
		{BEF61E9E-2EC1-44B8-B677-321329DEF205}.Release|x64.ActiveCfg = Release|Any CPU
		{BEF61E9E-2EC1-44B8-B677-321329DEF205}.Release|x64.Build.0 = Release|Any CPU
		{BEF61E9E-2EC1-44B8-B677-321329DEF205}.Release|x86.ActiveCfg = Release|Any CPU
		{BEF61E9E-2EC1-44B8-B677-321329DEF205}.Release|x86.Build.0 = Release|Any CPU
		{8B8397F0-7A39-480F-8C19-0A96F121D57A}.Debug|Any CPU.ActiveCfg = Debug|Any CPU
		{8B8397F0-7A39-480F-8C19-0A96F121D57A}.Debug|Any CPU.Build.0 = Debug|Any CPU
		{8B8397F0-7A39-480F-8C19-0A96F121D57A}.Debug|x64.ActiveCfg = Debug|Any CPU
		{8B8397F0-7A39-480F-8C19-0A96F121D57A}.Debug|x64.Build.0 = Debug|Any CPU
		{8B8397F0-7A39-480F-8C19-0A96F121D57A}.Debug|x86.ActiveCfg = Debug|Any CPU
		{8B8397F0-7A39-480F-8C19-0A96F121D57A}.Debug|x86.Build.0 = Debug|Any CPU
		{8B8397F0-7A39-480F-8C19-0A96F121D57A}.Release|Any CPU.ActiveCfg = Release|Any CPU
		{8B8397F0-7A39-480F-8C19-0A96F121D57A}.Release|Any CPU.Build.0 = Release|Any CPU
		{8B8397F0-7A39-480F-8C19-0A96F121D57A}.Release|x64.ActiveCfg = Release|Any CPU
		{8B8397F0-7A39-480F-8C19-0A96F121D57A}.Release|x64.Build.0 = Release|Any CPU
		{8B8397F0-7A39-480F-8C19-0A96F121D57A}.Release|x86.ActiveCfg = Release|Any CPU
		{8B8397F0-7A39-480F-8C19-0A96F121D57A}.Release|x86.Build.0 = Release|Any CPU
		{45407BC4-DF4C-49BD-ADEF-706683C90E14}.Debug|Any CPU.ActiveCfg = Debug|Any CPU
		{45407BC4-DF4C-49BD-ADEF-706683C90E14}.Debug|Any CPU.Build.0 = Debug|Any CPU
		{45407BC4-DF4C-49BD-ADEF-706683C90E14}.Debug|x64.ActiveCfg = Debug|Any CPU
		{45407BC4-DF4C-49BD-ADEF-706683C90E14}.Debug|x64.Build.0 = Debug|Any CPU
		{45407BC4-DF4C-49BD-ADEF-706683C90E14}.Debug|x86.ActiveCfg = Debug|Any CPU
		{45407BC4-DF4C-49BD-ADEF-706683C90E14}.Debug|x86.Build.0 = Debug|Any CPU
		{45407BC4-DF4C-49BD-ADEF-706683C90E14}.Release|Any CPU.ActiveCfg = Release|Any CPU
		{45407BC4-DF4C-49BD-ADEF-706683C90E14}.Release|Any CPU.Build.0 = Release|Any CPU
		{45407BC4-DF4C-49BD-ADEF-706683C90E14}.Release|x64.ActiveCfg = Release|Any CPU
		{45407BC4-DF4C-49BD-ADEF-706683C90E14}.Release|x64.Build.0 = Release|Any CPU
		{45407BC4-DF4C-49BD-ADEF-706683C90E14}.Release|x86.ActiveCfg = Release|Any CPU
		{45407BC4-DF4C-49BD-ADEF-706683C90E14}.Release|x86.Build.0 = Release|Any CPU
		{34B8A8B7-9DDD-44C2-9FA2-24120BCCD8D5}.Debug|Any CPU.ActiveCfg = Debug|Any CPU
		{34B8A8B7-9DDD-44C2-9FA2-24120BCCD8D5}.Debug|Any CPU.Build.0 = Debug|Any CPU
		{34B8A8B7-9DDD-44C2-9FA2-24120BCCD8D5}.Debug|x64.ActiveCfg = Debug|Any CPU
		{34B8A8B7-9DDD-44C2-9FA2-24120BCCD8D5}.Debug|x64.Build.0 = Debug|Any CPU
		{34B8A8B7-9DDD-44C2-9FA2-24120BCCD8D5}.Debug|x86.ActiveCfg = Debug|Any CPU
		{34B8A8B7-9DDD-44C2-9FA2-24120BCCD8D5}.Debug|x86.Build.0 = Debug|Any CPU
		{34B8A8B7-9DDD-44C2-9FA2-24120BCCD8D5}.Release|Any CPU.ActiveCfg = Release|Any CPU
		{34B8A8B7-9DDD-44C2-9FA2-24120BCCD8D5}.Release|Any CPU.Build.0 = Release|Any CPU
		{34B8A8B7-9DDD-44C2-9FA2-24120BCCD8D5}.Release|x64.ActiveCfg = Release|Any CPU
		{34B8A8B7-9DDD-44C2-9FA2-24120BCCD8D5}.Release|x64.Build.0 = Release|Any CPU
		{34B8A8B7-9DDD-44C2-9FA2-24120BCCD8D5}.Release|x86.ActiveCfg = Release|Any CPU
		{34B8A8B7-9DDD-44C2-9FA2-24120BCCD8D5}.Release|x86.Build.0 = Release|Any CPU
		{6C20EEEB-31FA-4A8B-AF96-8E98866C8E20}.Debug|Any CPU.ActiveCfg = Debug|Any CPU
		{6C20EEEB-31FA-4A8B-AF96-8E98866C8E20}.Debug|Any CPU.Build.0 = Debug|Any CPU
		{6C20EEEB-31FA-4A8B-AF96-8E98866C8E20}.Debug|x64.ActiveCfg = Debug|Any CPU
		{6C20EEEB-31FA-4A8B-AF96-8E98866C8E20}.Debug|x64.Build.0 = Debug|Any CPU
		{6C20EEEB-31FA-4A8B-AF96-8E98866C8E20}.Debug|x86.ActiveCfg = Debug|Any CPU
		{6C20EEEB-31FA-4A8B-AF96-8E98866C8E20}.Debug|x86.Build.0 = Debug|Any CPU
		{6C20EEEB-31FA-4A8B-AF96-8E98866C8E20}.Release|Any CPU.ActiveCfg = Release|Any CPU
		{6C20EEEB-31FA-4A8B-AF96-8E98866C8E20}.Release|Any CPU.Build.0 = Release|Any CPU
		{6C20EEEB-31FA-4A8B-AF96-8E98866C8E20}.Release|x64.ActiveCfg = Release|Any CPU
		{6C20EEEB-31FA-4A8B-AF96-8E98866C8E20}.Release|x64.Build.0 = Release|Any CPU
		{6C20EEEB-31FA-4A8B-AF96-8E98866C8E20}.Release|x86.ActiveCfg = Release|Any CPU
		{6C20EEEB-31FA-4A8B-AF96-8E98866C8E20}.Release|x86.Build.0 = Release|Any CPU
		{E20534C1-FFFE-407C-B259-F6D849B79B46}.Debug|Any CPU.ActiveCfg = Debug|Any CPU
		{E20534C1-FFFE-407C-B259-F6D849B79B46}.Debug|Any CPU.Build.0 = Debug|Any CPU
		{E20534C1-FFFE-407C-B259-F6D849B79B46}.Debug|x64.ActiveCfg = Debug|Any CPU
		{E20534C1-FFFE-407C-B259-F6D849B79B46}.Debug|x64.Build.0 = Debug|Any CPU
		{E20534C1-FFFE-407C-B259-F6D849B79B46}.Debug|x86.ActiveCfg = Debug|Any CPU
		{E20534C1-FFFE-407C-B259-F6D849B79B46}.Debug|x86.Build.0 = Debug|Any CPU
		{E20534C1-FFFE-407C-B259-F6D849B79B46}.Release|Any CPU.ActiveCfg = Release|Any CPU
		{E20534C1-FFFE-407C-B259-F6D849B79B46}.Release|Any CPU.Build.0 = Release|Any CPU
		{E20534C1-FFFE-407C-B259-F6D849B79B46}.Release|x64.ActiveCfg = Release|Any CPU
		{E20534C1-FFFE-407C-B259-F6D849B79B46}.Release|x64.Build.0 = Release|Any CPU
		{E20534C1-FFFE-407C-B259-F6D849B79B46}.Release|x86.ActiveCfg = Release|Any CPU
		{E20534C1-FFFE-407C-B259-F6D849B79B46}.Release|x86.Build.0 = Release|Any CPU
		{9EE3E60C-BCA2-46C1-B7D4-4500DE115FB6}.Debug|Any CPU.ActiveCfg = Debug|Any CPU
		{9EE3E60C-BCA2-46C1-B7D4-4500DE115FB6}.Debug|Any CPU.Build.0 = Debug|Any CPU
		{9EE3E60C-BCA2-46C1-B7D4-4500DE115FB6}.Debug|x64.ActiveCfg = Debug|Any CPU
		{9EE3E60C-BCA2-46C1-B7D4-4500DE115FB6}.Debug|x64.Build.0 = Debug|Any CPU
		{9EE3E60C-BCA2-46C1-B7D4-4500DE115FB6}.Debug|x86.ActiveCfg = Debug|Any CPU
		{9EE3E60C-BCA2-46C1-B7D4-4500DE115FB6}.Debug|x86.Build.0 = Debug|Any CPU
		{9EE3E60C-BCA2-46C1-B7D4-4500DE115FB6}.Release|Any CPU.ActiveCfg = Release|Any CPU
		{9EE3E60C-BCA2-46C1-B7D4-4500DE115FB6}.Release|Any CPU.Build.0 = Release|Any CPU
		{9EE3E60C-BCA2-46C1-B7D4-4500DE115FB6}.Release|x64.ActiveCfg = Release|Any CPU
		{9EE3E60C-BCA2-46C1-B7D4-4500DE115FB6}.Release|x64.Build.0 = Release|Any CPU
		{9EE3E60C-BCA2-46C1-B7D4-4500DE115FB6}.Release|x86.ActiveCfg = Release|Any CPU
		{9EE3E60C-BCA2-46C1-B7D4-4500DE115FB6}.Release|x86.Build.0 = Release|Any CPU
		{C2FBD4E1-C87E-4053-97AA-397F0251A74C}.Debug|Any CPU.ActiveCfg = Debug|Any CPU
		{C2FBD4E1-C87E-4053-97AA-397F0251A74C}.Debug|Any CPU.Build.0 = Debug|Any CPU
		{C2FBD4E1-C87E-4053-97AA-397F0251A74C}.Debug|x64.ActiveCfg = Debug|Any CPU
		{C2FBD4E1-C87E-4053-97AA-397F0251A74C}.Debug|x64.Build.0 = Debug|Any CPU
		{C2FBD4E1-C87E-4053-97AA-397F0251A74C}.Debug|x86.ActiveCfg = Debug|Any CPU
		{C2FBD4E1-C87E-4053-97AA-397F0251A74C}.Debug|x86.Build.0 = Debug|Any CPU
		{C2FBD4E1-C87E-4053-97AA-397F0251A74C}.Release|Any CPU.ActiveCfg = Release|Any CPU
		{C2FBD4E1-C87E-4053-97AA-397F0251A74C}.Release|Any CPU.Build.0 = Release|Any CPU
		{C2FBD4E1-C87E-4053-97AA-397F0251A74C}.Release|x64.ActiveCfg = Release|Any CPU
		{C2FBD4E1-C87E-4053-97AA-397F0251A74C}.Release|x64.Build.0 = Release|Any CPU
		{C2FBD4E1-C87E-4053-97AA-397F0251A74C}.Release|x86.ActiveCfg = Release|Any CPU
		{C2FBD4E1-C87E-4053-97AA-397F0251A74C}.Release|x86.Build.0 = Release|Any CPU
		{A30575EC-C7CE-4245-B7D1-DED332948331}.Debug|Any CPU.ActiveCfg = Debug|Any CPU
		{A30575EC-C7CE-4245-B7D1-DED332948331}.Debug|Any CPU.Build.0 = Debug|Any CPU
		{A30575EC-C7CE-4245-B7D1-DED332948331}.Debug|x64.ActiveCfg = Debug|Any CPU
		{A30575EC-C7CE-4245-B7D1-DED332948331}.Debug|x64.Build.0 = Debug|Any CPU
		{A30575EC-C7CE-4245-B7D1-DED332948331}.Debug|x86.ActiveCfg = Debug|Any CPU
		{A30575EC-C7CE-4245-B7D1-DED332948331}.Debug|x86.Build.0 = Debug|Any CPU
		{A30575EC-C7CE-4245-B7D1-DED332948331}.Release|Any CPU.ActiveCfg = Release|Any CPU
		{A30575EC-C7CE-4245-B7D1-DED332948331}.Release|Any CPU.Build.0 = Release|Any CPU
		{A30575EC-C7CE-4245-B7D1-DED332948331}.Release|x64.ActiveCfg = Release|Any CPU
		{A30575EC-C7CE-4245-B7D1-DED332948331}.Release|x64.Build.0 = Release|Any CPU
		{A30575EC-C7CE-4245-B7D1-DED332948331}.Release|x86.ActiveCfg = Release|Any CPU
		{A30575EC-C7CE-4245-B7D1-DED332948331}.Release|x86.Build.0 = Release|Any CPU
		{77AA84B4-6D0A-4FCB-8268-18B2812D7955}.Debug|Any CPU.ActiveCfg = Debug|Any CPU
		{77AA84B4-6D0A-4FCB-8268-18B2812D7955}.Debug|Any CPU.Build.0 = Debug|Any CPU
		{77AA84B4-6D0A-4FCB-8268-18B2812D7955}.Debug|x64.ActiveCfg = Debug|Any CPU
		{77AA84B4-6D0A-4FCB-8268-18B2812D7955}.Debug|x64.Build.0 = Debug|Any CPU
		{77AA84B4-6D0A-4FCB-8268-18B2812D7955}.Debug|x86.ActiveCfg = Debug|Any CPU
		{77AA84B4-6D0A-4FCB-8268-18B2812D7955}.Debug|x86.Build.0 = Debug|Any CPU
		{77AA84B4-6D0A-4FCB-8268-18B2812D7955}.Release|Any CPU.ActiveCfg = Release|Any CPU
		{77AA84B4-6D0A-4FCB-8268-18B2812D7955}.Release|Any CPU.Build.0 = Release|Any CPU
		{77AA84B4-6D0A-4FCB-8268-18B2812D7955}.Release|x64.ActiveCfg = Release|Any CPU
		{77AA84B4-6D0A-4FCB-8268-18B2812D7955}.Release|x64.Build.0 = Release|Any CPU
		{77AA84B4-6D0A-4FCB-8268-18B2812D7955}.Release|x86.ActiveCfg = Release|Any CPU
		{77AA84B4-6D0A-4FCB-8268-18B2812D7955}.Release|x86.Build.0 = Release|Any CPU
		{8DCB2EB4-D0DE-4EF9-ACB3-332055D594CB}.Debug|Any CPU.ActiveCfg = Debug|Any CPU
		{8DCB2EB4-D0DE-4EF9-ACB3-332055D594CB}.Debug|Any CPU.Build.0 = Debug|Any CPU
		{8DCB2EB4-D0DE-4EF9-ACB3-332055D594CB}.Debug|x64.ActiveCfg = Debug|Any CPU
		{8DCB2EB4-D0DE-4EF9-ACB3-332055D594CB}.Debug|x64.Build.0 = Debug|Any CPU
		{8DCB2EB4-D0DE-4EF9-ACB3-332055D594CB}.Debug|x86.ActiveCfg = Debug|Any CPU
		{8DCB2EB4-D0DE-4EF9-ACB3-332055D594CB}.Debug|x86.Build.0 = Debug|Any CPU
		{8DCB2EB4-D0DE-4EF9-ACB3-332055D594CB}.Release|Any CPU.ActiveCfg = Release|Any CPU
		{8DCB2EB4-D0DE-4EF9-ACB3-332055D594CB}.Release|Any CPU.Build.0 = Release|Any CPU
		{8DCB2EB4-D0DE-4EF9-ACB3-332055D594CB}.Release|x64.ActiveCfg = Release|Any CPU
		{8DCB2EB4-D0DE-4EF9-ACB3-332055D594CB}.Release|x64.Build.0 = Release|Any CPU
		{8DCB2EB4-D0DE-4EF9-ACB3-332055D594CB}.Release|x86.ActiveCfg = Release|Any CPU
		{8DCB2EB4-D0DE-4EF9-ACB3-332055D594CB}.Release|x86.Build.0 = Release|Any CPU
		{19586F56-E799-49EA-9B3C-910BF2D4976A}.Debug|Any CPU.ActiveCfg = Debug|Any CPU
		{19586F56-E799-49EA-9B3C-910BF2D4976A}.Debug|Any CPU.Build.0 = Debug|Any CPU
		{19586F56-E799-49EA-9B3C-910BF2D4976A}.Debug|x64.ActiveCfg = Debug|Any CPU
		{19586F56-E799-49EA-9B3C-910BF2D4976A}.Debug|x64.Build.0 = Debug|Any CPU
		{19586F56-E799-49EA-9B3C-910BF2D4976A}.Debug|x86.ActiveCfg = Debug|Any CPU
		{19586F56-E799-49EA-9B3C-910BF2D4976A}.Debug|x86.Build.0 = Debug|Any CPU
		{19586F56-E799-49EA-9B3C-910BF2D4976A}.Release|Any CPU.ActiveCfg = Release|Any CPU
		{19586F56-E799-49EA-9B3C-910BF2D4976A}.Release|Any CPU.Build.0 = Release|Any CPU
		{19586F56-E799-49EA-9B3C-910BF2D4976A}.Release|x64.ActiveCfg = Release|Any CPU
		{19586F56-E799-49EA-9B3C-910BF2D4976A}.Release|x64.Build.0 = Release|Any CPU
		{19586F56-E799-49EA-9B3C-910BF2D4976A}.Release|x86.ActiveCfg = Release|Any CPU
		{19586F56-E799-49EA-9B3C-910BF2D4976A}.Release|x86.Build.0 = Release|Any CPU
		{7874B5F2-2428-4D4E-8FDB-8634573163B8}.Debug|Any CPU.ActiveCfg = Debug|Any CPU
		{7874B5F2-2428-4D4E-8FDB-8634573163B8}.Debug|Any CPU.Build.0 = Debug|Any CPU
		{7874B5F2-2428-4D4E-8FDB-8634573163B8}.Debug|x64.ActiveCfg = Debug|Any CPU
		{7874B5F2-2428-4D4E-8FDB-8634573163B8}.Debug|x64.Build.0 = Debug|Any CPU
		{7874B5F2-2428-4D4E-8FDB-8634573163B8}.Debug|x86.ActiveCfg = Debug|Any CPU
		{7874B5F2-2428-4D4E-8FDB-8634573163B8}.Debug|x86.Build.0 = Debug|Any CPU
		{7874B5F2-2428-4D4E-8FDB-8634573163B8}.Release|Any CPU.ActiveCfg = Release|Any CPU
		{7874B5F2-2428-4D4E-8FDB-8634573163B8}.Release|Any CPU.Build.0 = Release|Any CPU
		{7874B5F2-2428-4D4E-8FDB-8634573163B8}.Release|x64.ActiveCfg = Release|Any CPU
		{7874B5F2-2428-4D4E-8FDB-8634573163B8}.Release|x64.Build.0 = Release|Any CPU
		{7874B5F2-2428-4D4E-8FDB-8634573163B8}.Release|x86.ActiveCfg = Release|Any CPU
		{7874B5F2-2428-4D4E-8FDB-8634573163B8}.Release|x86.Build.0 = Release|Any CPU
		{4FBE561E-7FF9-4D69-91D5-945DE9A20291}.Debug|Any CPU.ActiveCfg = Debug|Any CPU
		{4FBE561E-7FF9-4D69-91D5-945DE9A20291}.Debug|Any CPU.Build.0 = Debug|Any CPU
		{4FBE561E-7FF9-4D69-91D5-945DE9A20291}.Debug|x64.ActiveCfg = Debug|Any CPU
		{4FBE561E-7FF9-4D69-91D5-945DE9A20291}.Debug|x64.Build.0 = Debug|Any CPU
		{4FBE561E-7FF9-4D69-91D5-945DE9A20291}.Debug|x86.ActiveCfg = Debug|Any CPU
		{4FBE561E-7FF9-4D69-91D5-945DE9A20291}.Debug|x86.Build.0 = Debug|Any CPU
		{4FBE561E-7FF9-4D69-91D5-945DE9A20291}.Release|Any CPU.ActiveCfg = Release|Any CPU
		{4FBE561E-7FF9-4D69-91D5-945DE9A20291}.Release|Any CPU.Build.0 = Release|Any CPU
		{4FBE561E-7FF9-4D69-91D5-945DE9A20291}.Release|x64.ActiveCfg = Release|Any CPU
		{4FBE561E-7FF9-4D69-91D5-945DE9A20291}.Release|x64.Build.0 = Release|Any CPU
		{4FBE561E-7FF9-4D69-91D5-945DE9A20291}.Release|x86.ActiveCfg = Release|Any CPU
		{4FBE561E-7FF9-4D69-91D5-945DE9A20291}.Release|x86.Build.0 = Release|Any CPU
		{0451BC01-130B-4C35-9F23-87A3AFDFED2E}.Debug|Any CPU.ActiveCfg = Debug|Any CPU
		{0451BC01-130B-4C35-9F23-87A3AFDFED2E}.Debug|Any CPU.Build.0 = Debug|Any CPU
		{0451BC01-130B-4C35-9F23-87A3AFDFED2E}.Debug|x64.ActiveCfg = Debug|Any CPU
		{0451BC01-130B-4C35-9F23-87A3AFDFED2E}.Debug|x64.Build.0 = Debug|Any CPU
		{0451BC01-130B-4C35-9F23-87A3AFDFED2E}.Debug|x86.ActiveCfg = Debug|Any CPU
		{0451BC01-130B-4C35-9F23-87A3AFDFED2E}.Debug|x86.Build.0 = Debug|Any CPU
		{0451BC01-130B-4C35-9F23-87A3AFDFED2E}.Release|Any CPU.ActiveCfg = Release|Any CPU
		{0451BC01-130B-4C35-9F23-87A3AFDFED2E}.Release|Any CPU.Build.0 = Release|Any CPU
		{0451BC01-130B-4C35-9F23-87A3AFDFED2E}.Release|x64.ActiveCfg = Release|Any CPU
		{0451BC01-130B-4C35-9F23-87A3AFDFED2E}.Release|x64.Build.0 = Release|Any CPU
		{0451BC01-130B-4C35-9F23-87A3AFDFED2E}.Release|x86.ActiveCfg = Release|Any CPU
		{0451BC01-130B-4C35-9F23-87A3AFDFED2E}.Release|x86.Build.0 = Release|Any CPU
		{D6CF7DDC-D36A-47B6-9C42-422DC3AA6B90}.Debug|Any CPU.ActiveCfg = Debug|Any CPU
		{D6CF7DDC-D36A-47B6-9C42-422DC3AA6B90}.Debug|Any CPU.Build.0 = Debug|Any CPU
		{D6CF7DDC-D36A-47B6-9C42-422DC3AA6B90}.Debug|x64.ActiveCfg = Debug|Any CPU
		{D6CF7DDC-D36A-47B6-9C42-422DC3AA6B90}.Debug|x64.Build.0 = Debug|Any CPU
		{D6CF7DDC-D36A-47B6-9C42-422DC3AA6B90}.Debug|x86.ActiveCfg = Debug|Any CPU
		{D6CF7DDC-D36A-47B6-9C42-422DC3AA6B90}.Debug|x86.Build.0 = Debug|Any CPU
		{D6CF7DDC-D36A-47B6-9C42-422DC3AA6B90}.Release|Any CPU.ActiveCfg = Release|Any CPU
		{D6CF7DDC-D36A-47B6-9C42-422DC3AA6B90}.Release|Any CPU.Build.0 = Release|Any CPU
		{D6CF7DDC-D36A-47B6-9C42-422DC3AA6B90}.Release|x64.ActiveCfg = Release|Any CPU
		{D6CF7DDC-D36A-47B6-9C42-422DC3AA6B90}.Release|x64.Build.0 = Release|Any CPU
		{D6CF7DDC-D36A-47B6-9C42-422DC3AA6B90}.Release|x86.ActiveCfg = Release|Any CPU
		{D6CF7DDC-D36A-47B6-9C42-422DC3AA6B90}.Release|x86.Build.0 = Release|Any CPU
		{97C5570D-8342-4F62-9175-70C291D93431}.Debug|Any CPU.ActiveCfg = Debug|Any CPU
		{97C5570D-8342-4F62-9175-70C291D93431}.Debug|Any CPU.Build.0 = Debug|Any CPU
		{97C5570D-8342-4F62-9175-70C291D93431}.Debug|x64.ActiveCfg = Debug|Any CPU
		{97C5570D-8342-4F62-9175-70C291D93431}.Debug|x64.Build.0 = Debug|Any CPU
		{97C5570D-8342-4F62-9175-70C291D93431}.Debug|x86.ActiveCfg = Debug|Any CPU
		{97C5570D-8342-4F62-9175-70C291D93431}.Debug|x86.Build.0 = Debug|Any CPU
		{97C5570D-8342-4F62-9175-70C291D93431}.Release|Any CPU.ActiveCfg = Release|Any CPU
		{97C5570D-8342-4F62-9175-70C291D93431}.Release|Any CPU.Build.0 = Release|Any CPU
		{97C5570D-8342-4F62-9175-70C291D93431}.Release|x64.ActiveCfg = Release|Any CPU
		{97C5570D-8342-4F62-9175-70C291D93431}.Release|x64.Build.0 = Release|Any CPU
		{97C5570D-8342-4F62-9175-70C291D93431}.Release|x86.ActiveCfg = Release|Any CPU
		{97C5570D-8342-4F62-9175-70C291D93431}.Release|x86.Build.0 = Release|Any CPU
		{5C119A02-AD0F-4222-9379-DB2DBAC59868}.Debug|Any CPU.ActiveCfg = Debug|Any CPU
		{5C119A02-AD0F-4222-9379-DB2DBAC59868}.Debug|Any CPU.Build.0 = Debug|Any CPU
		{5C119A02-AD0F-4222-9379-DB2DBAC59868}.Debug|x64.ActiveCfg = Debug|Any CPU
		{5C119A02-AD0F-4222-9379-DB2DBAC59868}.Debug|x64.Build.0 = Debug|Any CPU
		{5C119A02-AD0F-4222-9379-DB2DBAC59868}.Debug|x86.ActiveCfg = Debug|Any CPU
		{5C119A02-AD0F-4222-9379-DB2DBAC59868}.Debug|x86.Build.0 = Debug|Any CPU
		{5C119A02-AD0F-4222-9379-DB2DBAC59868}.Release|Any CPU.ActiveCfg = Release|Any CPU
		{5C119A02-AD0F-4222-9379-DB2DBAC59868}.Release|Any CPU.Build.0 = Release|Any CPU
		{5C119A02-AD0F-4222-9379-DB2DBAC59868}.Release|x64.ActiveCfg = Release|Any CPU
		{5C119A02-AD0F-4222-9379-DB2DBAC59868}.Release|x64.Build.0 = Release|Any CPU
		{5C119A02-AD0F-4222-9379-DB2DBAC59868}.Release|x86.ActiveCfg = Release|Any CPU
		{5C119A02-AD0F-4222-9379-DB2DBAC59868}.Release|x86.Build.0 = Release|Any CPU
		{93CC7D39-530B-4E22-8D15-3A97FFA523F6}.Debug|Any CPU.ActiveCfg = Debug|Any CPU
		{93CC7D39-530B-4E22-8D15-3A97FFA523F6}.Debug|Any CPU.Build.0 = Debug|Any CPU
		{93CC7D39-530B-4E22-8D15-3A97FFA523F6}.Debug|x64.ActiveCfg = Debug|Any CPU
		{93CC7D39-530B-4E22-8D15-3A97FFA523F6}.Debug|x64.Build.0 = Debug|Any CPU
		{93CC7D39-530B-4E22-8D15-3A97FFA523F6}.Debug|x86.ActiveCfg = Debug|Any CPU
		{93CC7D39-530B-4E22-8D15-3A97FFA523F6}.Debug|x86.Build.0 = Debug|Any CPU
		{93CC7D39-530B-4E22-8D15-3A97FFA523F6}.Release|Any CPU.ActiveCfg = Release|Any CPU
		{93CC7D39-530B-4E22-8D15-3A97FFA523F6}.Release|Any CPU.Build.0 = Release|Any CPU
		{93CC7D39-530B-4E22-8D15-3A97FFA523F6}.Release|x64.ActiveCfg = Release|Any CPU
		{93CC7D39-530B-4E22-8D15-3A97FFA523F6}.Release|x64.Build.0 = Release|Any CPU
		{93CC7D39-530B-4E22-8D15-3A97FFA523F6}.Release|x86.ActiveCfg = Release|Any CPU
		{93CC7D39-530B-4E22-8D15-3A97FFA523F6}.Release|x86.Build.0 = Release|Any CPU
		{00D8F04F-2063-4F4E-B793-0F9DCF2BCFA9}.Debug|Any CPU.ActiveCfg = Debug|Any CPU
		{00D8F04F-2063-4F4E-B793-0F9DCF2BCFA9}.Debug|Any CPU.Build.0 = Debug|Any CPU
		{00D8F04F-2063-4F4E-B793-0F9DCF2BCFA9}.Debug|x64.ActiveCfg = Debug|Any CPU
		{00D8F04F-2063-4F4E-B793-0F9DCF2BCFA9}.Debug|x64.Build.0 = Debug|Any CPU
		{00D8F04F-2063-4F4E-B793-0F9DCF2BCFA9}.Debug|x86.ActiveCfg = Debug|Any CPU
		{00D8F04F-2063-4F4E-B793-0F9DCF2BCFA9}.Debug|x86.Build.0 = Debug|Any CPU
		{00D8F04F-2063-4F4E-B793-0F9DCF2BCFA9}.Release|Any CPU.ActiveCfg = Release|Any CPU
		{00D8F04F-2063-4F4E-B793-0F9DCF2BCFA9}.Release|Any CPU.Build.0 = Release|Any CPU
		{00D8F04F-2063-4F4E-B793-0F9DCF2BCFA9}.Release|x64.ActiveCfg = Release|Any CPU
		{00D8F04F-2063-4F4E-B793-0F9DCF2BCFA9}.Release|x64.Build.0 = Release|Any CPU
		{00D8F04F-2063-4F4E-B793-0F9DCF2BCFA9}.Release|x86.ActiveCfg = Release|Any CPU
		{00D8F04F-2063-4F4E-B793-0F9DCF2BCFA9}.Release|x86.Build.0 = Release|Any CPU
		{6B703607-0D63-4A25-BB6A-EC1FBBD77A8C}.Debug|Any CPU.ActiveCfg = Debug|Any CPU
		{6B703607-0D63-4A25-BB6A-EC1FBBD77A8C}.Debug|Any CPU.Build.0 = Debug|Any CPU
		{6B703607-0D63-4A25-BB6A-EC1FBBD77A8C}.Debug|x64.ActiveCfg = Debug|Any CPU
		{6B703607-0D63-4A25-BB6A-EC1FBBD77A8C}.Debug|x64.Build.0 = Debug|Any CPU
		{6B703607-0D63-4A25-BB6A-EC1FBBD77A8C}.Debug|x86.ActiveCfg = Debug|Any CPU
		{6B703607-0D63-4A25-BB6A-EC1FBBD77A8C}.Debug|x86.Build.0 = Debug|Any CPU
		{6B703607-0D63-4A25-BB6A-EC1FBBD77A8C}.Release|Any CPU.ActiveCfg = Release|Any CPU
		{6B703607-0D63-4A25-BB6A-EC1FBBD77A8C}.Release|Any CPU.Build.0 = Release|Any CPU
		{6B703607-0D63-4A25-BB6A-EC1FBBD77A8C}.Release|x64.ActiveCfg = Release|Any CPU
		{6B703607-0D63-4A25-BB6A-EC1FBBD77A8C}.Release|x64.Build.0 = Release|Any CPU
		{6B703607-0D63-4A25-BB6A-EC1FBBD77A8C}.Release|x86.ActiveCfg = Release|Any CPU
		{6B703607-0D63-4A25-BB6A-EC1FBBD77A8C}.Release|x86.Build.0 = Release|Any CPU
		{20322089-808E-4991-8CBE-9ED0548117F0}.Debug|Any CPU.ActiveCfg = Debug|Any CPU
		{20322089-808E-4991-8CBE-9ED0548117F0}.Debug|Any CPU.Build.0 = Debug|Any CPU
		{20322089-808E-4991-8CBE-9ED0548117F0}.Debug|x64.ActiveCfg = Debug|Any CPU
		{20322089-808E-4991-8CBE-9ED0548117F0}.Debug|x64.Build.0 = Debug|Any CPU
		{20322089-808E-4991-8CBE-9ED0548117F0}.Debug|x86.ActiveCfg = Debug|Any CPU
		{20322089-808E-4991-8CBE-9ED0548117F0}.Debug|x86.Build.0 = Debug|Any CPU
		{20322089-808E-4991-8CBE-9ED0548117F0}.Release|Any CPU.ActiveCfg = Release|Any CPU
		{20322089-808E-4991-8CBE-9ED0548117F0}.Release|Any CPU.Build.0 = Release|Any CPU
		{20322089-808E-4991-8CBE-9ED0548117F0}.Release|x64.ActiveCfg = Release|Any CPU
		{20322089-808E-4991-8CBE-9ED0548117F0}.Release|x64.Build.0 = Release|Any CPU
		{20322089-808E-4991-8CBE-9ED0548117F0}.Release|x86.ActiveCfg = Release|Any CPU
		{20322089-808E-4991-8CBE-9ED0548117F0}.Release|x86.Build.0 = Release|Any CPU
		{D8AF5C5A-C618-4F27-B2C2-4DF23CBFC212}.Debug|Any CPU.ActiveCfg = Debug|Any CPU
		{D8AF5C5A-C618-4F27-B2C2-4DF23CBFC212}.Debug|Any CPU.Build.0 = Debug|Any CPU
		{D8AF5C5A-C618-4F27-B2C2-4DF23CBFC212}.Debug|x64.ActiveCfg = Debug|Any CPU
		{D8AF5C5A-C618-4F27-B2C2-4DF23CBFC212}.Debug|x64.Build.0 = Debug|Any CPU
		{D8AF5C5A-C618-4F27-B2C2-4DF23CBFC212}.Debug|x86.ActiveCfg = Debug|Any CPU
		{D8AF5C5A-C618-4F27-B2C2-4DF23CBFC212}.Debug|x86.Build.0 = Debug|Any CPU
		{D8AF5C5A-C618-4F27-B2C2-4DF23CBFC212}.Release|Any CPU.ActiveCfg = Release|Any CPU
		{D8AF5C5A-C618-4F27-B2C2-4DF23CBFC212}.Release|Any CPU.Build.0 = Release|Any CPU
		{D8AF5C5A-C618-4F27-B2C2-4DF23CBFC212}.Release|x64.ActiveCfg = Release|Any CPU
		{D8AF5C5A-C618-4F27-B2C2-4DF23CBFC212}.Release|x64.Build.0 = Release|Any CPU
		{D8AF5C5A-C618-4F27-B2C2-4DF23CBFC212}.Release|x86.ActiveCfg = Release|Any CPU
		{D8AF5C5A-C618-4F27-B2C2-4DF23CBFC212}.Release|x86.Build.0 = Release|Any CPU
		{C7FFA58B-BFB0-4A42-AB19-84384B19D4E4}.Debug|Any CPU.ActiveCfg = Debug|Any CPU
		{C7FFA58B-BFB0-4A42-AB19-84384B19D4E4}.Debug|Any CPU.Build.0 = Debug|Any CPU
		{C7FFA58B-BFB0-4A42-AB19-84384B19D4E4}.Debug|x64.ActiveCfg = Debug|Any CPU
		{C7FFA58B-BFB0-4A42-AB19-84384B19D4E4}.Debug|x64.Build.0 = Debug|Any CPU
		{C7FFA58B-BFB0-4A42-AB19-84384B19D4E4}.Debug|x86.ActiveCfg = Debug|Any CPU
		{C7FFA58B-BFB0-4A42-AB19-84384B19D4E4}.Debug|x86.Build.0 = Debug|Any CPU
		{C7FFA58B-BFB0-4A42-AB19-84384B19D4E4}.Release|Any CPU.ActiveCfg = Release|Any CPU
		{C7FFA58B-BFB0-4A42-AB19-84384B19D4E4}.Release|Any CPU.Build.0 = Release|Any CPU
		{C7FFA58B-BFB0-4A42-AB19-84384B19D4E4}.Release|x64.ActiveCfg = Release|Any CPU
		{C7FFA58B-BFB0-4A42-AB19-84384B19D4E4}.Release|x64.Build.0 = Release|Any CPU
		{C7FFA58B-BFB0-4A42-AB19-84384B19D4E4}.Release|x86.ActiveCfg = Release|Any CPU
		{C7FFA58B-BFB0-4A42-AB19-84384B19D4E4}.Release|x86.Build.0 = Release|Any CPU
		{B9A8D738-FE7D-4860-A446-4A03E3DDEB74}.Debug|Any CPU.ActiveCfg = Debug|Any CPU
		{B9A8D738-FE7D-4860-A446-4A03E3DDEB74}.Debug|Any CPU.Build.0 = Debug|Any CPU
		{B9A8D738-FE7D-4860-A446-4A03E3DDEB74}.Debug|x64.ActiveCfg = Debug|Any CPU
		{B9A8D738-FE7D-4860-A446-4A03E3DDEB74}.Debug|x64.Build.0 = Debug|Any CPU
		{B9A8D738-FE7D-4860-A446-4A03E3DDEB74}.Debug|x86.ActiveCfg = Debug|Any CPU
		{B9A8D738-FE7D-4860-A446-4A03E3DDEB74}.Debug|x86.Build.0 = Debug|Any CPU
		{B9A8D738-FE7D-4860-A446-4A03E3DDEB74}.Release|Any CPU.ActiveCfg = Release|Any CPU
		{B9A8D738-FE7D-4860-A446-4A03E3DDEB74}.Release|x64.ActiveCfg = Release|Any CPU
		{B9A8D738-FE7D-4860-A446-4A03E3DDEB74}.Release|x64.Build.0 = Release|Any CPU
		{B9A8D738-FE7D-4860-A446-4A03E3DDEB74}.Release|x86.ActiveCfg = Release|Any CPU
		{B9A8D738-FE7D-4860-A446-4A03E3DDEB74}.Release|x86.Build.0 = Release|Any CPU
		{5D2BCEBE-A163-47E2-9B56-2151D4EC30B9}.Debug|Any CPU.ActiveCfg = Debug|Any CPU
		{5D2BCEBE-A163-47E2-9B56-2151D4EC30B9}.Debug|Any CPU.Build.0 = Debug|Any CPU
		{5D2BCEBE-A163-47E2-9B56-2151D4EC30B9}.Debug|x64.ActiveCfg = Debug|Any CPU
		{5D2BCEBE-A163-47E2-9B56-2151D4EC30B9}.Debug|x64.Build.0 = Debug|Any CPU
		{5D2BCEBE-A163-47E2-9B56-2151D4EC30B9}.Debug|x86.ActiveCfg = Debug|Any CPU
		{5D2BCEBE-A163-47E2-9B56-2151D4EC30B9}.Debug|x86.Build.0 = Debug|Any CPU
		{5D2BCEBE-A163-47E2-9B56-2151D4EC30B9}.Release|Any CPU.ActiveCfg = Release|Any CPU
		{5D2BCEBE-A163-47E2-9B56-2151D4EC30B9}.Release|Any CPU.Build.0 = Release|Any CPU
		{5D2BCEBE-A163-47E2-9B56-2151D4EC30B9}.Release|x64.ActiveCfg = Release|Any CPU
		{5D2BCEBE-A163-47E2-9B56-2151D4EC30B9}.Release|x64.Build.0 = Release|Any CPU
		{5D2BCEBE-A163-47E2-9B56-2151D4EC30B9}.Release|x86.ActiveCfg = Release|Any CPU
		{5D2BCEBE-A163-47E2-9B56-2151D4EC30B9}.Release|x86.Build.0 = Release|Any CPU
		{F3B7A9D6-5B15-45E8-925B-20B5BBD33428}.Debug|Any CPU.ActiveCfg = Debug|Any CPU
		{F3B7A9D6-5B15-45E8-925B-20B5BBD33428}.Debug|Any CPU.Build.0 = Debug|Any CPU
		{F3B7A9D6-5B15-45E8-925B-20B5BBD33428}.Debug|x64.ActiveCfg = Debug|Any CPU
		{F3B7A9D6-5B15-45E8-925B-20B5BBD33428}.Debug|x64.Build.0 = Debug|Any CPU
		{F3B7A9D6-5B15-45E8-925B-20B5BBD33428}.Debug|x86.ActiveCfg = Debug|Any CPU
		{F3B7A9D6-5B15-45E8-925B-20B5BBD33428}.Debug|x86.Build.0 = Debug|Any CPU
		{F3B7A9D6-5B15-45E8-925B-20B5BBD33428}.Release|Any CPU.ActiveCfg = Release|Any CPU
		{F3B7A9D6-5B15-45E8-925B-20B5BBD33428}.Release|Any CPU.Build.0 = Release|Any CPU
		{F3B7A9D6-5B15-45E8-925B-20B5BBD33428}.Release|x64.ActiveCfg = Release|Any CPU
		{F3B7A9D6-5B15-45E8-925B-20B5BBD33428}.Release|x64.Build.0 = Release|Any CPU
		{F3B7A9D6-5B15-45E8-925B-20B5BBD33428}.Release|x86.ActiveCfg = Release|Any CPU
		{F3B7A9D6-5B15-45E8-925B-20B5BBD33428}.Release|x86.Build.0 = Release|Any CPU
		{A768A346-6388-4881-8FF6-15F0163B76E0}.Debug|Any CPU.ActiveCfg = Debug|Any CPU
		{A768A346-6388-4881-8FF6-15F0163B76E0}.Debug|Any CPU.Build.0 = Debug|Any CPU
		{A768A346-6388-4881-8FF6-15F0163B76E0}.Debug|x64.ActiveCfg = Debug|Any CPU
		{A768A346-6388-4881-8FF6-15F0163B76E0}.Debug|x64.Build.0 = Debug|Any CPU
		{A768A346-6388-4881-8FF6-15F0163B76E0}.Debug|x86.ActiveCfg = Debug|Any CPU
		{A768A346-6388-4881-8FF6-15F0163B76E0}.Debug|x86.Build.0 = Debug|Any CPU
		{A768A346-6388-4881-8FF6-15F0163B76E0}.Release|Any CPU.ActiveCfg = Release|Any CPU
		{A768A346-6388-4881-8FF6-15F0163B76E0}.Release|Any CPU.Build.0 = Release|Any CPU
		{A768A346-6388-4881-8FF6-15F0163B76E0}.Release|x64.ActiveCfg = Release|Any CPU
		{A768A346-6388-4881-8FF6-15F0163B76E0}.Release|x64.Build.0 = Release|Any CPU
		{A768A346-6388-4881-8FF6-15F0163B76E0}.Release|x86.ActiveCfg = Release|Any CPU
		{A768A346-6388-4881-8FF6-15F0163B76E0}.Release|x86.Build.0 = Release|Any CPU
		{2C3099EA-C01C-4639-8300-153A9BD79292}.Debug|Any CPU.ActiveCfg = Debug|Any CPU
		{2C3099EA-C01C-4639-8300-153A9BD79292}.Debug|Any CPU.Build.0 = Debug|Any CPU
		{2C3099EA-C01C-4639-8300-153A9BD79292}.Debug|x64.ActiveCfg = Debug|Any CPU
		{2C3099EA-C01C-4639-8300-153A9BD79292}.Debug|x64.Build.0 = Debug|Any CPU
		{2C3099EA-C01C-4639-8300-153A9BD79292}.Debug|x86.ActiveCfg = Debug|Any CPU
		{2C3099EA-C01C-4639-8300-153A9BD79292}.Debug|x86.Build.0 = Debug|Any CPU
		{2C3099EA-C01C-4639-8300-153A9BD79292}.Release|Any CPU.ActiveCfg = Release|Any CPU
		{2C3099EA-C01C-4639-8300-153A9BD79292}.Release|Any CPU.Build.0 = Release|Any CPU
		{2C3099EA-C01C-4639-8300-153A9BD79292}.Release|x64.ActiveCfg = Release|Any CPU
		{2C3099EA-C01C-4639-8300-153A9BD79292}.Release|x64.Build.0 = Release|Any CPU
		{2C3099EA-C01C-4639-8300-153A9BD79292}.Release|x86.ActiveCfg = Release|Any CPU
		{2C3099EA-C01C-4639-8300-153A9BD79292}.Release|x86.Build.0 = Release|Any CPU
		{FFD95BCB-5209-48CC-8C2B-33189CCA0A6E}.Debug|Any CPU.ActiveCfg = Debug|Any CPU
		{FFD95BCB-5209-48CC-8C2B-33189CCA0A6E}.Debug|Any CPU.Build.0 = Debug|Any CPU
		{FFD95BCB-5209-48CC-8C2B-33189CCA0A6E}.Debug|x64.ActiveCfg = Debug|Any CPU
		{FFD95BCB-5209-48CC-8C2B-33189CCA0A6E}.Debug|x64.Build.0 = Debug|Any CPU
		{FFD95BCB-5209-48CC-8C2B-33189CCA0A6E}.Debug|x86.ActiveCfg = Debug|Any CPU
		{FFD95BCB-5209-48CC-8C2B-33189CCA0A6E}.Debug|x86.Build.0 = Debug|Any CPU
		{FFD95BCB-5209-48CC-8C2B-33189CCA0A6E}.Release|Any CPU.ActiveCfg = Release|Any CPU
		{FFD95BCB-5209-48CC-8C2B-33189CCA0A6E}.Release|Any CPU.Build.0 = Release|Any CPU
		{FFD95BCB-5209-48CC-8C2B-33189CCA0A6E}.Release|x64.ActiveCfg = Release|Any CPU
		{FFD95BCB-5209-48CC-8C2B-33189CCA0A6E}.Release|x64.Build.0 = Release|Any CPU
		{FFD95BCB-5209-48CC-8C2B-33189CCA0A6E}.Release|x86.ActiveCfg = Release|Any CPU
		{FFD95BCB-5209-48CC-8C2B-33189CCA0A6E}.Release|x86.Build.0 = Release|Any CPU
		{07DD7965-849F-4311-9DAD-07C1CCF8BEA4}.Debug|Any CPU.ActiveCfg = Debug|Any CPU
		{07DD7965-849F-4311-9DAD-07C1CCF8BEA4}.Debug|Any CPU.Build.0 = Debug|Any CPU
		{07DD7965-849F-4311-9DAD-07C1CCF8BEA4}.Debug|x64.ActiveCfg = Debug|Any CPU
		{07DD7965-849F-4311-9DAD-07C1CCF8BEA4}.Debug|x64.Build.0 = Debug|Any CPU
		{07DD7965-849F-4311-9DAD-07C1CCF8BEA4}.Debug|x86.ActiveCfg = Debug|Any CPU
		{07DD7965-849F-4311-9DAD-07C1CCF8BEA4}.Debug|x86.Build.0 = Debug|Any CPU
		{07DD7965-849F-4311-9DAD-07C1CCF8BEA4}.Release|Any CPU.ActiveCfg = Release|Any CPU
		{07DD7965-849F-4311-9DAD-07C1CCF8BEA4}.Release|Any CPU.Build.0 = Release|Any CPU
		{07DD7965-849F-4311-9DAD-07C1CCF8BEA4}.Release|x64.ActiveCfg = Release|Any CPU
		{07DD7965-849F-4311-9DAD-07C1CCF8BEA4}.Release|x64.Build.0 = Release|Any CPU
		{07DD7965-849F-4311-9DAD-07C1CCF8BEA4}.Release|x86.ActiveCfg = Release|Any CPU
		{07DD7965-849F-4311-9DAD-07C1CCF8BEA4}.Release|x86.Build.0 = Release|Any CPU
		{4712BFE1-67DA-407F-8BDC-FAF529E5BF94}.Debug|Any CPU.ActiveCfg = Debug|Any CPU
		{4712BFE1-67DA-407F-8BDC-FAF529E5BF94}.Debug|Any CPU.Build.0 = Debug|Any CPU
		{4712BFE1-67DA-407F-8BDC-FAF529E5BF94}.Debug|x64.ActiveCfg = Debug|Any CPU
		{4712BFE1-67DA-407F-8BDC-FAF529E5BF94}.Debug|x64.Build.0 = Debug|Any CPU
		{4712BFE1-67DA-407F-8BDC-FAF529E5BF94}.Debug|x86.ActiveCfg = Debug|Any CPU
		{4712BFE1-67DA-407F-8BDC-FAF529E5BF94}.Debug|x86.Build.0 = Debug|Any CPU
		{4712BFE1-67DA-407F-8BDC-FAF529E5BF94}.Release|Any CPU.ActiveCfg = Release|Any CPU
		{4712BFE1-67DA-407F-8BDC-FAF529E5BF94}.Release|Any CPU.Build.0 = Release|Any CPU
		{4712BFE1-67DA-407F-8BDC-FAF529E5BF94}.Release|x64.ActiveCfg = Release|Any CPU
		{4712BFE1-67DA-407F-8BDC-FAF529E5BF94}.Release|x64.Build.0 = Release|Any CPU
		{4712BFE1-67DA-407F-8BDC-FAF529E5BF94}.Release|x86.ActiveCfg = Release|Any CPU
		{4712BFE1-67DA-407F-8BDC-FAF529E5BF94}.Release|x86.Build.0 = Release|Any CPU
		{E8DE9BA0-8391-4278-926D-DD931C4172AF}.Debug|Any CPU.ActiveCfg = Debug|Any CPU
		{E8DE9BA0-8391-4278-926D-DD931C4172AF}.Debug|Any CPU.Build.0 = Debug|Any CPU
		{E8DE9BA0-8391-4278-926D-DD931C4172AF}.Debug|x64.ActiveCfg = Debug|Any CPU
		{E8DE9BA0-8391-4278-926D-DD931C4172AF}.Debug|x64.Build.0 = Debug|Any CPU
		{E8DE9BA0-8391-4278-926D-DD931C4172AF}.Debug|x86.ActiveCfg = Debug|Any CPU
		{E8DE9BA0-8391-4278-926D-DD931C4172AF}.Debug|x86.Build.0 = Debug|Any CPU
		{E8DE9BA0-8391-4278-926D-DD931C4172AF}.Release|Any CPU.ActiveCfg = Release|Any CPU
		{E8DE9BA0-8391-4278-926D-DD931C4172AF}.Release|Any CPU.Build.0 = Release|Any CPU
		{E8DE9BA0-8391-4278-926D-DD931C4172AF}.Release|x64.ActiveCfg = Release|Any CPU
		{E8DE9BA0-8391-4278-926D-DD931C4172AF}.Release|x64.Build.0 = Release|Any CPU
		{E8DE9BA0-8391-4278-926D-DD931C4172AF}.Release|x86.ActiveCfg = Release|Any CPU
		{E8DE9BA0-8391-4278-926D-DD931C4172AF}.Release|x86.Build.0 = Release|Any CPU
		{BD86AB4D-74FD-429D-9AEE-79B0C429BB3A}.Debug|Any CPU.ActiveCfg = Debug|Any CPU
		{BD86AB4D-74FD-429D-9AEE-79B0C429BB3A}.Debug|Any CPU.Build.0 = Debug|Any CPU
		{BD86AB4D-74FD-429D-9AEE-79B0C429BB3A}.Debug|x64.ActiveCfg = Debug|Any CPU
		{BD86AB4D-74FD-429D-9AEE-79B0C429BB3A}.Debug|x64.Build.0 = Debug|Any CPU
		{BD86AB4D-74FD-429D-9AEE-79B0C429BB3A}.Debug|x86.ActiveCfg = Debug|Any CPU
		{BD86AB4D-74FD-429D-9AEE-79B0C429BB3A}.Debug|x86.Build.0 = Debug|Any CPU
		{BD86AB4D-74FD-429D-9AEE-79B0C429BB3A}.Release|Any CPU.ActiveCfg = Release|Any CPU
		{BD86AB4D-74FD-429D-9AEE-79B0C429BB3A}.Release|Any CPU.Build.0 = Release|Any CPU
		{BD86AB4D-74FD-429D-9AEE-79B0C429BB3A}.Release|x64.ActiveCfg = Release|Any CPU
		{BD86AB4D-74FD-429D-9AEE-79B0C429BB3A}.Release|x64.Build.0 = Release|Any CPU
		{BD86AB4D-74FD-429D-9AEE-79B0C429BB3A}.Release|x86.ActiveCfg = Release|Any CPU
		{BD86AB4D-74FD-429D-9AEE-79B0C429BB3A}.Release|x86.Build.0 = Release|Any CPU
		{07915304-3B6B-400C-94F8-C49EF5F347E7}.Debug|Any CPU.ActiveCfg = Debug|Any CPU
		{07915304-3B6B-400C-94F8-C49EF5F347E7}.Debug|Any CPU.Build.0 = Debug|Any CPU
		{07915304-3B6B-400C-94F8-C49EF5F347E7}.Debug|x64.ActiveCfg = Debug|Any CPU
		{07915304-3B6B-400C-94F8-C49EF5F347E7}.Debug|x64.Build.0 = Debug|Any CPU
		{07915304-3B6B-400C-94F8-C49EF5F347E7}.Debug|x86.ActiveCfg = Debug|Any CPU
		{07915304-3B6B-400C-94F8-C49EF5F347E7}.Debug|x86.Build.0 = Debug|Any CPU
		{07915304-3B6B-400C-94F8-C49EF5F347E7}.Release|Any CPU.ActiveCfg = Release|Any CPU
		{07915304-3B6B-400C-94F8-C49EF5F347E7}.Release|Any CPU.Build.0 = Release|Any CPU
		{07915304-3B6B-400C-94F8-C49EF5F347E7}.Release|x64.ActiveCfg = Release|Any CPU
		{07915304-3B6B-400C-94F8-C49EF5F347E7}.Release|x64.Build.0 = Release|Any CPU
		{07915304-3B6B-400C-94F8-C49EF5F347E7}.Release|x86.ActiveCfg = Release|Any CPU
		{07915304-3B6B-400C-94F8-C49EF5F347E7}.Release|x86.Build.0 = Release|Any CPU
		{8C7A30EF-C257-421C-AABD-D42FF6D955A5}.Debug|Any CPU.ActiveCfg = Debug|Any CPU
		{8C7A30EF-C257-421C-AABD-D42FF6D955A5}.Debug|Any CPU.Build.0 = Debug|Any CPU
		{8C7A30EF-C257-421C-AABD-D42FF6D955A5}.Debug|x64.ActiveCfg = Debug|Any CPU
		{8C7A30EF-C257-421C-AABD-D42FF6D955A5}.Debug|x64.Build.0 = Debug|Any CPU
		{8C7A30EF-C257-421C-AABD-D42FF6D955A5}.Debug|x86.ActiveCfg = Debug|Any CPU
		{8C7A30EF-C257-421C-AABD-D42FF6D955A5}.Debug|x86.Build.0 = Debug|Any CPU
		{8C7A30EF-C257-421C-AABD-D42FF6D955A5}.Release|Any CPU.ActiveCfg = Release|Any CPU
		{8C7A30EF-C257-421C-AABD-D42FF6D955A5}.Release|Any CPU.Build.0 = Release|Any CPU
		{8C7A30EF-C257-421C-AABD-D42FF6D955A5}.Release|x64.ActiveCfg = Release|Any CPU
		{8C7A30EF-C257-421C-AABD-D42FF6D955A5}.Release|x64.Build.0 = Release|Any CPU
		{8C7A30EF-C257-421C-AABD-D42FF6D955A5}.Release|x86.ActiveCfg = Release|Any CPU
		{8C7A30EF-C257-421C-AABD-D42FF6D955A5}.Release|x86.Build.0 = Release|Any CPU
		{C06556DC-52AF-44AE-99B8-1251C18C3973}.Debug|Any CPU.ActiveCfg = Debug|Any CPU
		{C06556DC-52AF-44AE-99B8-1251C18C3973}.Debug|Any CPU.Build.0 = Debug|Any CPU
		{C06556DC-52AF-44AE-99B8-1251C18C3973}.Debug|x64.ActiveCfg = Debug|Any CPU
		{C06556DC-52AF-44AE-99B8-1251C18C3973}.Debug|x64.Build.0 = Debug|Any CPU
		{C06556DC-52AF-44AE-99B8-1251C18C3973}.Debug|x86.ActiveCfg = Debug|Any CPU
		{C06556DC-52AF-44AE-99B8-1251C18C3973}.Debug|x86.Build.0 = Debug|Any CPU
		{C06556DC-52AF-44AE-99B8-1251C18C3973}.Release|Any CPU.ActiveCfg = Release|Any CPU
		{C06556DC-52AF-44AE-99B8-1251C18C3973}.Release|Any CPU.Build.0 = Release|Any CPU
		{C06556DC-52AF-44AE-99B8-1251C18C3973}.Release|x64.ActiveCfg = Release|Any CPU
		{C06556DC-52AF-44AE-99B8-1251C18C3973}.Release|x64.Build.0 = Release|Any CPU
		{C06556DC-52AF-44AE-99B8-1251C18C3973}.Release|x86.ActiveCfg = Release|Any CPU
		{C06556DC-52AF-44AE-99B8-1251C18C3973}.Release|x86.Build.0 = Release|Any CPU
		{DE477265-8F7D-4D7F-B5DA-F3C5DE631788}.Debug|Any CPU.ActiveCfg = Debug|Any CPU
		{DE477265-8F7D-4D7F-B5DA-F3C5DE631788}.Debug|Any CPU.Build.0 = Debug|Any CPU
		{DE477265-8F7D-4D7F-B5DA-F3C5DE631788}.Debug|x64.ActiveCfg = Debug|Any CPU
		{DE477265-8F7D-4D7F-B5DA-F3C5DE631788}.Debug|x64.Build.0 = Debug|Any CPU
		{DE477265-8F7D-4D7F-B5DA-F3C5DE631788}.Debug|x86.ActiveCfg = Debug|Any CPU
		{DE477265-8F7D-4D7F-B5DA-F3C5DE631788}.Debug|x86.Build.0 = Debug|Any CPU
		{DE477265-8F7D-4D7F-B5DA-F3C5DE631788}.Release|Any CPU.ActiveCfg = Release|Any CPU
		{DE477265-8F7D-4D7F-B5DA-F3C5DE631788}.Release|Any CPU.Build.0 = Release|Any CPU
		{DE477265-8F7D-4D7F-B5DA-F3C5DE631788}.Release|x64.ActiveCfg = Release|Any CPU
		{DE477265-8F7D-4D7F-B5DA-F3C5DE631788}.Release|x64.Build.0 = Release|Any CPU
		{DE477265-8F7D-4D7F-B5DA-F3C5DE631788}.Release|x86.ActiveCfg = Release|Any CPU
		{DE477265-8F7D-4D7F-B5DA-F3C5DE631788}.Release|x86.Build.0 = Release|Any CPU
		{FD88C431-C25B-45B0-ACB1-E66FD62DD755}.Debug|Any CPU.ActiveCfg = Debug|Any CPU
		{FD88C431-C25B-45B0-ACB1-E66FD62DD755}.Debug|Any CPU.Build.0 = Debug|Any CPU
		{FD88C431-C25B-45B0-ACB1-E66FD62DD755}.Debug|x64.ActiveCfg = Debug|Any CPU
		{FD88C431-C25B-45B0-ACB1-E66FD62DD755}.Debug|x64.Build.0 = Debug|Any CPU
		{FD88C431-C25B-45B0-ACB1-E66FD62DD755}.Debug|x86.ActiveCfg = Debug|Any CPU
		{FD88C431-C25B-45B0-ACB1-E66FD62DD755}.Debug|x86.Build.0 = Debug|Any CPU
		{FD88C431-C25B-45B0-ACB1-E66FD62DD755}.Release|Any CPU.ActiveCfg = Release|Any CPU
		{FD88C431-C25B-45B0-ACB1-E66FD62DD755}.Release|Any CPU.Build.0 = Release|Any CPU
		{FD88C431-C25B-45B0-ACB1-E66FD62DD755}.Release|x64.ActiveCfg = Release|Any CPU
		{FD88C431-C25B-45B0-ACB1-E66FD62DD755}.Release|x64.Build.0 = Release|Any CPU
		{FD88C431-C25B-45B0-ACB1-E66FD62DD755}.Release|x86.ActiveCfg = Release|Any CPU
		{FD88C431-C25B-45B0-ACB1-E66FD62DD755}.Release|x86.Build.0 = Release|Any CPU
		{760BE7AD-0683-451A-B28A-975A76404662}.Debug|Any CPU.ActiveCfg = Debug|Any CPU
		{760BE7AD-0683-451A-B28A-975A76404662}.Debug|Any CPU.Build.0 = Debug|Any CPU
		{760BE7AD-0683-451A-B28A-975A76404662}.Debug|x64.ActiveCfg = Debug|Any CPU
		{760BE7AD-0683-451A-B28A-975A76404662}.Debug|x64.Build.0 = Debug|Any CPU
		{760BE7AD-0683-451A-B28A-975A76404662}.Debug|x86.ActiveCfg = Debug|Any CPU
		{760BE7AD-0683-451A-B28A-975A76404662}.Debug|x86.Build.0 = Debug|Any CPU
		{760BE7AD-0683-451A-B28A-975A76404662}.Release|Any CPU.ActiveCfg = Release|Any CPU
		{760BE7AD-0683-451A-B28A-975A76404662}.Release|Any CPU.Build.0 = Release|Any CPU
		{760BE7AD-0683-451A-B28A-975A76404662}.Release|x64.ActiveCfg = Release|Any CPU
		{760BE7AD-0683-451A-B28A-975A76404662}.Release|x64.Build.0 = Release|Any CPU
		{760BE7AD-0683-451A-B28A-975A76404662}.Release|x86.ActiveCfg = Release|Any CPU
		{760BE7AD-0683-451A-B28A-975A76404662}.Release|x86.Build.0 = Release|Any CPU
	EndGlobalSection
	GlobalSection(SolutionProperties) = preSolution
		HideSolutionNode = FALSE
	EndGlobalSection
	GlobalSection(NestedProjects) = preSolution
		{FD24E9FF-1097-4777-A418-F2D88C558665} = {0651C5EF-50AA-4598-8D9C-8F210ADD8490}
		{136C6154-D300-4B82-80D3-17B637841A2B} = {0651C5EF-50AA-4598-8D9C-8F210ADD8490}
		{E8C4587E-9424-438B-AEAF-A09E0234865A} = {DFA0E841-33E5-4533-AF00-964E21A141B8}
		{956F722C-DFD3-435E-9D2E-A0549C4D8BC0} = {23324041-2076-477C-A4BF-B385B8066C6C}
		{8FFF49D6-B029-400B-8510-1A088868DFA6} = {FA9D1C95-5585-4DEC-B226-1447A486C376}
		{020A8E88-B607-4281-BA0D-5ED03484A201} = {FA9D1C95-5585-4DEC-B226-1447A486C376}
		{3E744E54-F450-4051-8919-04D9B591688E} = {DFA0E841-33E5-4533-AF00-964E21A141B8}
		{7BB1DE56-DA1C-4776-A961-B810574E1EF4} = {0651C5EF-50AA-4598-8D9C-8F210ADD8490}
		{D702E338-BCB7-432C-8896-6B6086821B3E} = {DFA0E841-33E5-4533-AF00-964E21A141B8}
		{7F347EDA-EC20-4E3F-9C25-CF32ED7D9642} = {E2ABDF45-C329-47B2-8E09-B7298E2557F7}
		{AC1B288B-2F07-49EB-8518-9DA27C6D6503} = {DFA0E841-33E5-4533-AF00-964E21A141B8}
		{49BC383A-D7E6-4013-93C7-371479B984CC} = {E2ABDF45-C329-47B2-8E09-B7298E2557F7}
		{043852EA-FBD4-4F42-9CDC-92078F9EF942} = {49BC383A-D7E6-4013-93C7-371479B984CC}
		{D860135C-01A2-4597-B1B2-DA4882C09798} = {49BC383A-D7E6-4013-93C7-371479B984CC}
		{A82D0553-7880-462E-B8B2-1DF334DF6FBA} = {49BC383A-D7E6-4013-93C7-371479B984CC}
		{96F4E9BD-2B70-4E2E-BB4D-91158F60A613} = {49BC383A-D7E6-4013-93C7-371479B984CC}
		{C052CB0F-8A58-40C0-8A26-BEACEB8CD9A7} = {49BC383A-D7E6-4013-93C7-371479B984CC}
		{D4514077-0917-49CC-A222-FE2988D6BECE} = {49BC383A-D7E6-4013-93C7-371479B984CC}
		{70379A09-9EDB-41F7-81CF-34ABE525693D} = {49BC383A-D7E6-4013-93C7-371479B984CC}
		{8180C066-71E5-4D45-8DFE-EF254FE86A30} = {49BC383A-D7E6-4013-93C7-371479B984CC}
		{085677FA-4B70-430F-8675-77091EBD9ED5} = {49BC383A-D7E6-4013-93C7-371479B984CC}
		{899DB28C-722D-46A1-9A17-378DF19FA526} = {49BC383A-D7E6-4013-93C7-371479B984CC}
		{3D945DE0-1E2D-439E-991D-9C65C325F82F} = {49BC383A-D7E6-4013-93C7-371479B984CC}
		{3501BAD6-406A-49BC-BE0E-5A49A3AAAE6A} = {23324041-2076-477C-A4BF-B385B8066C6C}
		{50D5EAD9-78BB-4D1B-AF37-130BF3AF82FD} = {3501BAD6-406A-49BC-BE0E-5A49A3AAAE6A}
		{36C1A2C8-2004-4CD8-BEB8-426BBABA2051} = {DFA0E841-33E5-4533-AF00-964E21A141B8}
		{93041A0D-9BA2-4BAB-B01E-3003AEAC0A31} = {D00DC827-E7DF-48A9-9BEB-E1ED2F73C990}
		{757F2B10-B69D-4C19-BFE0-D99070A00AD9} = {D00DC827-E7DF-48A9-9BEB-E1ED2F73C990}
		{13AAF660-1E37-4C63-B2B7-49140B9F5049} = {757F2B10-B69D-4C19-BFE0-D99070A00AD9}
		{734DF4E8-9F89-4D0B-AB0B-022FED9849EA} = {757F2B10-B69D-4C19-BFE0-D99070A00AD9}
		{184BB500-CFDB-4AA6-AF33-9CD22AFFB224} = {757F2B10-B69D-4C19-BFE0-D99070A00AD9}
		{4965C44F-DAE6-4EDA-991F-4390595A20BA} = {757F2B10-B69D-4C19-BFE0-D99070A00AD9}
		{74140997-E9C8-4CCC-9235-C6E2DABAF8D3} = {757F2B10-B69D-4C19-BFE0-D99070A00AD9}
		{4B50A1B4-AB5E-469B-A8AC-635E023EC77C} = {757F2B10-B69D-4C19-BFE0-D99070A00AD9}
		{BEF61E9E-2EC1-44B8-B677-321329DEF205} = {757F2B10-B69D-4C19-BFE0-D99070A00AD9}
		{8B8397F0-7A39-480F-8C19-0A96F121D57A} = {757F2B10-B69D-4C19-BFE0-D99070A00AD9}
		{45407BC4-DF4C-49BD-ADEF-706683C90E14} = {757F2B10-B69D-4C19-BFE0-D99070A00AD9}
		{34B8A8B7-9DDD-44C2-9FA2-24120BCCD8D5} = {DFA0E841-33E5-4533-AF00-964E21A141B8}
		{6C20EEEB-31FA-4A8B-AF96-8E98866C8E20} = {DFA0E841-33E5-4533-AF00-964E21A141B8}
		{E20534C1-FFFE-407C-B259-F6D849B79B46} = {E1F91563-7277-4E9B-A3B7-8D5FD9802A4A}
		{9EE3E60C-BCA2-46C1-B7D4-4500DE115FB6} = {E1F91563-7277-4E9B-A3B7-8D5FD9802A4A}
		{C2FBD4E1-C87E-4053-97AA-397F0251A74C} = {E1F91563-7277-4E9B-A3B7-8D5FD9802A4A}
		{A30575EC-C7CE-4245-B7D1-DED332948331} = {E1F91563-7277-4E9B-A3B7-8D5FD9802A4A}
		{77AA84B4-6D0A-4FCB-8268-18B2812D7955} = {E1F91563-7277-4E9B-A3B7-8D5FD9802A4A}
		{8D84B804-168F-4EAA-BC09-F55A35A29887} = {FA9D1C95-5585-4DEC-B226-1447A486C376}
		{8DCB2EB4-D0DE-4EF9-ACB3-332055D594CB} = {8D84B804-168F-4EAA-BC09-F55A35A29887}
		{19586F56-E799-49EA-9B3C-910BF2D4976A} = {6EADA376-E83F-40B7-9539-71DD17AEF7A4}
		{7874B5F2-2428-4D4E-8FDB-8634573163B8} = {E1F91563-7277-4E9B-A3B7-8D5FD9802A4A}
		{4FBE561E-7FF9-4D69-91D5-945DE9A20291} = {E1F91563-7277-4E9B-A3B7-8D5FD9802A4A}
		{0451BC01-130B-4C35-9F23-87A3AFDFED2E} = {E1F91563-7277-4E9B-A3B7-8D5FD9802A4A}
		{D6CF7DDC-D36A-47B6-9C42-422DC3AA6B90} = {E1F91563-7277-4E9B-A3B7-8D5FD9802A4A}
		{97C5570D-8342-4F62-9175-70C291D93431} = {E1F91563-7277-4E9B-A3B7-8D5FD9802A4A}
		{5C119A02-AD0F-4222-9379-DB2DBAC59868} = {E1F91563-7277-4E9B-A3B7-8D5FD9802A4A}
		{93CC7D39-530B-4E22-8D15-3A97FFA523F6} = {E1F91563-7277-4E9B-A3B7-8D5FD9802A4A}
		{00D8F04F-2063-4F4E-B793-0F9DCF2BCFA9} = {23324041-2076-477C-A4BF-B385B8066C6C}
		{6B703607-0D63-4A25-BB6A-EC1FBBD77A8C} = {0651C5EF-50AA-4598-8D9C-8F210ADD8490}
		{20322089-808E-4991-8CBE-9ED0548117F0} = {DFA0E841-33E5-4533-AF00-964E21A141B8}
		{D8AF5C5A-C618-4F27-B2C2-4DF23CBFC212} = {DFA0E841-33E5-4533-AF00-964E21A141B8}
		{C7FFA58B-BFB0-4A42-AB19-84384B19D4E4} = {DFA0E841-33E5-4533-AF00-964E21A141B8}
		{B9A8D738-FE7D-4860-A446-4A03E3DDEB74} = {0651C5EF-50AA-4598-8D9C-8F210ADD8490}
		{5D2BCEBE-A163-47E2-9B56-2151D4EC30B9} = {0651C5EF-50AA-4598-8D9C-8F210ADD8490}
		{F3B7A9D6-5B15-45E8-925B-20B5BBD33428} = {F2CF5D32-4B41-425E-B229-8FFC48F88063}
		{A768A346-6388-4881-8FF6-15F0163B76E0} = {F2CF5D32-4B41-425E-B229-8FFC48F88063}
		{2C3099EA-C01C-4639-8300-153A9BD79292} = {F2CF5D32-4B41-425E-B229-8FFC48F88063}
		{FFD95BCB-5209-48CC-8C2B-33189CCA0A6E} = {F2CF5D32-4B41-425E-B229-8FFC48F88063}
		{07DD7965-849F-4311-9DAD-07C1CCF8BEA4} = {F2CF5D32-4B41-425E-B229-8FFC48F88063}
		{4712BFE1-67DA-407F-8BDC-FAF529E5BF94} = {F2CF5D32-4B41-425E-B229-8FFC48F88063}
		{E8DE9BA0-8391-4278-926D-DD931C4172AF} = {F2CF5D32-4B41-425E-B229-8FFC48F88063}
		{BD86AB4D-74FD-429D-9AEE-79B0C429BB3A} = {41EEBDB3-75C4-4A60-B4D5-673FBCA791E7}
		{07915304-3B6B-400C-94F8-C49EF5F347E7} = {41EEBDB3-75C4-4A60-B4D5-673FBCA791E7}
		{8C7A30EF-C257-421C-AABD-D42FF6D955A5} = {41EEBDB3-75C4-4A60-B4D5-673FBCA791E7}
		{C06556DC-52AF-44AE-99B8-1251C18C3973} = {DFA0E841-33E5-4533-AF00-964E21A141B8}
		{DE477265-8F7D-4D7F-B5DA-F3C5DE631788} = {3501BAD6-406A-49BC-BE0E-5A49A3AAAE6A}
		{FD88C431-C25B-45B0-ACB1-E66FD62DD755} = {DFA0E841-33E5-4533-AF00-964E21A141B8}
		{760BE7AD-0683-451A-B28A-975A76404662} = {DFA0E841-33E5-4533-AF00-964E21A141B8}
	EndGlobalSection
	GlobalSection(ExtensibilityGlobals) = postSolution
		SolutionGuid = {F5273D7F-3334-48DF-94E3-41AE6816CD4D}
	EndGlobalSection
EndGlobal
